// !$*UTF8*$!
{
	archiveVersion = 1;
	classes = {
	};
	objectVersion = 50;
	objects = {

/* Begin PBXBuildFile section */
		2C2BD1CC21279ED300F6C6C3 /* GoodDetailViewController.swift in Sources */ = {isa = PBXBuildFile; fileRef = 2C2BD1CB21279ED300F6C6C3 /* GoodDetailViewController.swift */; };
		2C5AC3ED2125695F002FFC80 /* ZHScannerView.swift in Sources */ = {isa = PBXBuildFile; fileRef = 2C5AC3EC2125695F002FFC80 /* ZHScannerView.swift */; };
		2C5AC3EF21256AE3002FFC80 /* ZHQRCode.bundle in Resources */ = {isa = PBXBuildFile; fileRef = 2C5AC3EE21256AE3002FFC80 /* ZHQRCode.bundle */; };
		2C7FAC6C2100547A004AEC10 /* Cookie.swift in Sources */ = {isa = PBXBuildFile; fileRef = 2C7FAC6B2100547A004AEC10 /* Cookie.swift */; };
		2CBF4902212294A300199C1D /* CameraViewController.swift in Sources */ = {isa = PBXBuildFile; fileRef = 2CBF4901212294A200199C1D /* CameraViewController.swift */; };
		2CBF49042122A3B800199C1D /* QRCode.swift in Sources */ = {isa = PBXBuildFile; fileRef = 2CBF49032122A3B800199C1D /* QRCode.swift */; };
		2CC1319321114279004C8097 /* SearchViewController.swift in Sources */ = {isa = PBXBuildFile; fileRef = 2CC1319221114279004C8097 /* SearchViewController.swift */; };
		2CC9036B210855B60083D70C /* SystemViewController.swift in Sources */ = {isa = PBXBuildFile; fileRef = 2CC9036A210855B60083D70C /* SystemViewController.swift */; };
		2CE96F1B211C0D0700B4CE5A /* OrderSearchResultViewController.swift in Sources */ = {isa = PBXBuildFile; fileRef = 2CE96F1A211C0D0700B4CE5A /* OrderSearchResultViewController.swift */; };
		2CEA8C4A212A503E00004AE6 /* UIImage-Extensions.swift in Sources */ = {isa = PBXBuildFile; fileRef = 2CEA8C49212A503E00004AE6 /* UIImage-Extensions.swift */; };
		2CEA8C4C212AB17500004AE6 /* HomeCollectionViewCell.swift in Sources */ = {isa = PBXBuildFile; fileRef = 2CEA8C4B212AB17400004AE6 /* HomeCollectionViewCell.swift */; };
		43D0F869FCB1EFFD2A515717 /* Pods_ZHERPUITests.framework in Frameworks */ = {isa = PBXBuildFile; fileRef = 9ADCE7C4B0A7D41C0DA234D6 /* Pods_ZHERPUITests.framework */; };
		4D5DC0AAB0D07F80968B0079 /* Pods_ZHERP.framework in Frameworks */ = {isa = PBXBuildFile; fileRef = 532FEF4AFB84E941C848EBDE /* Pods_ZHERP.framework */; };
		8F0E2D4FE6DC9F693DE6136E /* Pods_ZHERPTests.framework in Frameworks */ = {isa = PBXBuildFile; fileRef = 0018AC5B628E580B5DB4DE45 /* Pods_ZHERPTests.framework */; };
		9E29031920F7B99800F11C63 /* AppDelegate.swift in Sources */ = {isa = PBXBuildFile; fileRef = 9E29031820F7B99800F11C63 /* AppDelegate.swift */; };
		9E29031B20F7B99800F11C63 /* ViewController.swift in Sources */ = {isa = PBXBuildFile; fileRef = 9E29031A20F7B99800F11C63 /* ViewController.swift */; };
		9E29031E20F7B99800F11C63 /* Main.storyboard in Resources */ = {isa = PBXBuildFile; fileRef = 9E29031C20F7B99800F11C63 /* Main.storyboard */; };
		9E29032320F7B99B00F11C63 /* LaunchScreen.storyboard in Resources */ = {isa = PBXBuildFile; fileRef = 9E29032120F7B99B00F11C63 /* LaunchScreen.storyboard */; };
		9E29032E20F7B99B00F11C63 /* ZHERPTests.swift in Sources */ = {isa = PBXBuildFile; fileRef = 9E29032D20F7B99B00F11C63 /* ZHERPTests.swift */; };
		9E29033920F7B99C00F11C63 /* ZHERPUITests.swift in Sources */ = {isa = PBXBuildFile; fileRef = 9E29033820F7B99C00F11C63 /* ZHERPUITests.swift */; };
		9E523DE020FEB4F100CF921F /* ProtocolPageViewController.swift in Sources */ = {isa = PBXBuildFile; fileRef = 9E523DDF20FEB4F100CF921F /* ProtocolPageViewController.swift */; };
		9E523DE22100DD0500CF921F /* Protocol.swift in Sources */ = {isa = PBXBuildFile; fileRef = 9E523DE12100DD0500CF921F /* Protocol.swift */; };
		9E523DE42100DDA900CF921F /* Service.swift in Sources */ = {isa = PBXBuildFile; fileRef = 9E523DE32100DDA900CF921F /* Service.swift */; };
		9E523DE62100E21000CF921F /* RegisterVM.swift in Sources */ = {isa = PBXBuildFile; fileRef = 9E523DE52100E21000CF921F /* RegisterVM.swift */; };
		9E523DE82102E46900CF921F /* BaseViewController.swift in Sources */ = {isa = PBXBuildFile; fileRef = 9E523DE72102E46900CF921F /* BaseViewController.swift */; };
		9E523DEA21034B2000CF921F /* Assets.xcassets in Resources */ = {isa = PBXBuildFile; fileRef = 9E523DE921034B2000CF921F /* Assets.xcassets */; };
		9E523DF2210460B600CF921F /* HHGuidePageHUD.swift in Sources */ = {isa = PBXBuildFile; fileRef = 9E523DEF210460B600CF921F /* HHGuidePageHUD.swift */; };
		9E523DF3210460B600CF921F /* guide_btn_bg@2x.png in Resources */ = {isa = PBXBuildFile; fileRef = 9E523DF0210460B600CF921F /* guide_btn_bg@2x.png */; };
		9E523DF4210460B600CF921F /* UIImage+GIF.swift in Sources */ = {isa = PBXBuildFile; fileRef = 9E523DF1210460B600CF921F /* UIImage+GIF.swift */; };
		9E523DF92104615700CF921F /* guideImage6.gif in Resources */ = {isa = PBXBuildFile; fileRef = 9E523DF52104615700CF921F /* guideImage6.gif */; };
		9E523DFA2104615700CF921F /* guideImage8.gif in Resources */ = {isa = PBXBuildFile; fileRef = 9E523DF62104615700CF921F /* guideImage8.gif */; };
		9E523DFB2104615700CF921F /* 1.mp4 in Resources */ = {isa = PBXBuildFile; fileRef = 9E523DF72104615700CF921F /* 1.mp4 */; };
		9E523DFC2104615800CF921F /* guideImage7.gif in Resources */ = {isa = PBXBuildFile; fileRef = 9E523DF82104615700CF921F /* guideImage7.gif */; };
		9E523DFE2104661400CF921F /* GuideViewController.swift in Sources */ = {isa = PBXBuildFile; fileRef = 9E523DFD2104661400CF921F /* GuideViewController.swift */; };
		9E523E0021047E7900CF921F /* UserDefaults.swift in Sources */ = {isa = PBXBuildFile; fileRef = 9E523DFF21047E7900CF921F /* UserDefaults.swift */; };
		9E523E0221047F7700CF921F /* IntroductionViewController.swift in Sources */ = {isa = PBXBuildFile; fileRef = 9E523E0121047F7700CF921F /* IntroductionViewController.swift */; };
		9E523E2A2104D7CE00CF921F /* guideImage5.jpg in Resources */ = {isa = PBXBuildFile; fileRef = 9E523E242104D7CC00CF921F /* guideImage5.jpg */; };
		9E523E2B2104D7CE00CF921F /* guideImage7.gif in Resources */ = {isa = PBXBuildFile; fileRef = 9E523E252104D7CC00CF921F /* guideImage7.gif */; };
		9E523E2C2104D7CE00CF921F /* shopping.gif in Resources */ = {isa = PBXBuildFile; fileRef = 9E523E262104D7CD00CF921F /* shopping.gif */; };
		9E523E2D2104D7CE00CF921F /* guideImage4.jpg in Resources */ = {isa = PBXBuildFile; fileRef = 9E523E272104D7CD00CF921F /* guideImage4.jpg */; };
		9E523E2E2104D7CE00CF921F /* guideImage3.jpg in Resources */ = {isa = PBXBuildFile; fileRef = 9E523E282104D7CD00CF921F /* guideImage3.jpg */; };
		9E523E2F2104D7CE00CF921F /* adImage4.gif in Resources */ = {isa = PBXBuildFile; fileRef = 9E523E292104D7CD00CF921F /* adImage4.gif */; };
		9E523E322104DA1000CF921F /* GifImageOperation.swift in Sources */ = {isa = PBXBuildFile; fileRef = 9E523E312104DA1000CF921F /* GifImageOperation.swift */; };
		9E523E352106170000CF921F /* SettingViewController.swift in Sources */ = {isa = PBXBuildFile; fileRef = 9E523E342106170000CF921F /* SettingViewController.swift */; };
		9E523E3721074E8200CF921F /* BaseNavigationController.swift in Sources */ = {isa = PBXBuildFile; fileRef = 9E523E3621074E8200CF921F /* BaseNavigationController.swift */; };
		9E523E3A21076B3C00CF921F /* PersonalViewController.swift in Sources */ = {isa = PBXBuildFile; fileRef = 9E523E3921076B3C00CF921F /* PersonalViewController.swift */; };
		9E523E3C2107708600CF921F /* Personal.swift in Sources */ = {isa = PBXBuildFile; fileRef = 9E523E3B2107708600CF921F /* Personal.swift */; };
		9E523E3E2107819000CF921F /* EditPersonalViewController.swift in Sources */ = {isa = PBXBuildFile; fileRef = 9E523E3D2107819000CF921F /* EditPersonalViewController.swift */; };
		9E523E402107E99E00CF921F /* NotifyViewController.swift in Sources */ = {isa = PBXBuildFile; fileRef = 9E523E3F2107E99E00CF921F /* NotifyViewController.swift */; };
		9E523E422107EB3600CF921F /* TestViewController.swift in Sources */ = {isa = PBXBuildFile; fileRef = 9E523E412107EB3600CF921F /* TestViewController.swift */; };
		9E523E672108C5D400CF921F /* NotifyTableViewCell.swift in Sources */ = {isa = PBXBuildFile; fileRef = 9E523E652108C5D400CF921F /* NotifyTableViewCell.swift */; };
		9E523E682108C5D400CF921F /* NotifyTableViewCell.xib in Resources */ = {isa = PBXBuildFile; fileRef = 9E523E662108C5D400CF921F /* NotifyTableViewCell.xib */; };
		9E523E6A2108D54600CF921F /* NoDisturbingViewController.swift in Sources */ = {isa = PBXBuildFile; fileRef = 9E523E692108D54600CF921F /* NoDisturbingViewController.swift */; };
		9E523E6D2109401F00CF921F /* SwitchTableViewCell.swift in Sources */ = {isa = PBXBuildFile; fileRef = 9E523E6B2109401F00CF921F /* SwitchTableViewCell.swift */; };
		9E523E6E2109401F00CF921F /* SwitchTableViewCell.xib in Resources */ = {isa = PBXBuildFile; fileRef = 9E523E6C2109401F00CF921F /* SwitchTableViewCell.xib */; };
		9E523E71210A241500CF921F /* ImageRightTableViewCell.swift in Sources */ = {isa = PBXBuildFile; fileRef = 9E523E6F210A241500CF921F /* ImageRightTableViewCell.swift */; };
		9E523E72210A241500CF921F /* ImageRightTableViewCell.xib in Resources */ = {isa = PBXBuildFile; fileRef = 9E523E70210A241500CF921F /* ImageRightTableViewCell.xib */; };
		9E523E74210A379500CF921F /* EditAvatarViewController.swift in Sources */ = {isa = PBXBuildFile; fileRef = 9E523E73210A379500CF921F /* EditAvatarViewController.swift */; };
		9E523E77210BF53F00CF921F /* RegisteringViewController.swift in Sources */ = {isa = PBXBuildFile; fileRef = 9E523E76210BF53F00CF921F /* RegisteringViewController.swift */; };
		9E523E79210C13D800CF921F /* LoginingViewController.swift in Sources */ = {isa = PBXBuildFile; fileRef = 9E523E78210C13D800CF921F /* LoginingViewController.swift */; };
		9E523E7B210C238400CF921F /* ForgetViewController.swift in Sources */ = {isa = PBXBuildFile; fileRef = 9E523E7A210C238400CF921F /* ForgetViewController.swift */; };
		9E523E7D210C23CF00CF921F /* ResetViewController.swift in Sources */ = {isa = PBXBuildFile; fileRef = 9E523E7C210C23CF00CF921F /* ResetViewController.swift */; };
		9E523E7F210C5B3000CF921F /* EditQRCodeViewController.swift in Sources */ = {isa = PBXBuildFile; fileRef = 9E523E7E210C5B3000CF921F /* EditQRCodeViewController.swift */; };
		9E523E85210CCEB000CF921F /* Common.swift in Sources */ = {isa = PBXBuildFile; fileRef = 9E523E84210CCEB000CF921F /* Common.swift */; };
		9E523E87210CCF5400CF921F /* ZHSearchController.swift in Sources */ = {isa = PBXBuildFile; fileRef = 9E523E86210CCF5400CF921F /* ZHSearchController.swift */; };
		9E523E89210D449300CF921F /* OrderViewController.swift in Sources */ = {isa = PBXBuildFile; fileRef = 9E523E88210D449300CF921F /* OrderViewController.swift */; };
		9E523E8E210D537B00CF921F /* GoodViewController.swift in Sources */ = {isa = PBXBuildFile; fileRef = 9E523E8D210D537B00CF921F /* GoodViewController.swift */; };
		9E523E90210D540900CF921F /* OrderAllViewController.swift in Sources */ = {isa = PBXBuildFile; fileRef = 9E523E8F210D540900CF921F /* OrderAllViewController.swift */; };
		9E523E92210D543F00CF921F /* OrderPayViewController.swift in Sources */ = {isa = PBXBuildFile; fileRef = 9E523E91210D543F00CF921F /* OrderPayViewController.swift */; };
		9E523E94210D544E00CF921F /* OrderUnpayViewController.swift in Sources */ = {isa = PBXBuildFile; fileRef = 9E523E93210D544E00CF921F /* OrderUnpayViewController.swift */; };
		9E523E96210D546400CF921F /* OrderCloseViewController.swift in Sources */ = {isa = PBXBuildFile; fileRef = 9E523E95210D546400CF921F /* OrderCloseViewController.swift */; };
		9E523E98210D548500CF921F /* OrderCompleteViewController.swift in Sources */ = {isa = PBXBuildFile; fileRef = 9E523E97210D548500CF921F /* OrderCompleteViewController.swift */; };
		9E523E9A21127EC800CF921F /* UIView-Extensions.swift in Sources */ = {isa = PBXBuildFile; fileRef = 9E523E9921127EC800CF921F /* UIView-Extensions.swift */; };
		9E523E9D2119DF2100CF921F /* OrderTableViewCell.swift in Sources */ = {isa = PBXBuildFile; fileRef = 9E523E9B2119DF2100CF921F /* OrderTableViewCell.swift */; };
		9E523E9E2119DF2100CF921F /* OrderTableViewCell.xib in Resources */ = {isa = PBXBuildFile; fileRef = 9E523E9C2119DF2100CF921F /* OrderTableViewCell.xib */; };
		9E523EA1211B42A800CF921F /* bridge.m in Sources */ = {isa = PBXBuildFile; fileRef = 9E523EA0211B42A800CF921F /* bridge.m */; };
		9E88ED0720FB3B3800DF091F /* PostAPI.swift in Sources */ = {isa = PBXBuildFile; fileRef = 9E88ED0620FB3B3800DF091F /* PostAPI.swift */; };
		9E88ED0F20FB3B7700DF091F /* Response+ObjectMapper.swift in Sources */ = {isa = PBXBuildFile; fileRef = 9E88ED0B20FB3B7600DF091F /* Response+ObjectMapper.swift */; };
		9E88ED1020FB3B7700DF091F /* ObservableType+ObjectMapper.swift in Sources */ = {isa = PBXBuildFile; fileRef = 9E88ED0C20FB3B7600DF091F /* ObservableType+ObjectMapper.swift */; };
		9E88ED1120FB3B7700DF091F /* Single+ObjectMapper.swift in Sources */ = {isa = PBXBuildFile; fileRef = 9E88ED0D20FB3B7600DF091F /* Single+ObjectMapper.swift */; };
		9E88ED1220FB3B7700DF091F /* Observable+ObjectMapper.swift in Sources */ = {isa = PBXBuildFile; fileRef = 9E88ED0E20FB3B7700DF091F /* Observable+ObjectMapper.swift */; };
		9E88ED1420FB3B9300DF091F /* Post.swift in Sources */ = {isa = PBXBuildFile; fileRef = 9E88ED1320FB3B9300DF091F /* Post.swift */; };
		9E88ED1620FB3BA500DF091F /* PostProvider.swift in Sources */ = {isa = PBXBuildFile; fileRef = 9E88ED1520FB3BA500DF091F /* PostProvider.swift */; };
		9E88ED1A20FB41F800DF091F /* HomeViewController.swift in Sources */ = {isa = PBXBuildFile; fileRef = 9E88ED1920FB41F800DF091F /* HomeViewController.swift */; };
		9E88ED1C20FB462600DF091F /* OrderTableViewController.swift in Sources */ = {isa = PBXBuildFile; fileRef = 9E88ED1B20FB462600DF091F /* OrderTableViewController.swift */; };
		9E88ED1E20FB464B00DF091F /* GoodTableViewController.swift in Sources */ = {isa = PBXBuildFile; fileRef = 9E88ED1D20FB464B00DF091F /* GoodTableViewController.swift */; };
		9E88ED2020FB469000DF091F /* StatisticViewController.swift in Sources */ = {isa = PBXBuildFile; fileRef = 9E88ED1F20FB469000DF091F /* StatisticViewController.swift */; };
		9E88ED2320FB530200DF091F /* SearchBar.swift in Sources */ = {isa = PBXBuildFile; fileRef = 9E88ED2220FB530200DF091F /* SearchBar.swift */; };
		9E88ED2520FB53AE00DF091F /* OrderDetailViewController.swift in Sources */ = {isa = PBXBuildFile; fileRef = 9E88ED2420FB53AE00DF091F /* OrderDetailViewController.swift */; };
		9E88ED2720FB576200DF091F /* Candy.swift in Sources */ = {isa = PBXBuildFile; fileRef = 9E88ED2620FB576200DF091F /* Candy.swift */; };
		9E88ED2A20FB723600DF091F /* UIColor.swift in Sources */ = {isa = PBXBuildFile; fileRef = 9E88ED2920FB723600DF091F /* UIColor.swift */; };
		9E88ED2D20FB8C7900DF091F /* Specs.swift in Sources */ = {isa = PBXBuildFile; fileRef = 9E88ED2C20FB8C7900DF091F /* Specs.swift */; };
		9E88ED2F20FBA90C00DF091F /* HelperCommon.swift in Sources */ = {isa = PBXBuildFile; fileRef = 9E88ED2E20FBA90C00DF091F /* HelperCommon.swift */; };
		9E88ED3220FCE21000DF091F /* TableViewCell.swift in Sources */ = {isa = PBXBuildFile; fileRef = 9E88ED3120FCE21000DF091F /* TableViewCell.swift */; };
		9E88ED3520FCE95600DF091F /* MemberBaseViewController.swift in Sources */ = {isa = PBXBuildFile; fileRef = 9E88ED3420FCE95600DF091F /* MemberBaseViewController.swift */; };
		9E88ED3720FCE9C400DF091F /* MemberViewController.swift in Sources */ = {isa = PBXBuildFile; fileRef = 9E88ED3620FCE9C400DF091F /* MemberViewController.swift */; };
		9E88ED3920FCEA4500DF091F /* Member.swift in Sources */ = {isa = PBXBuildFile; fileRef = 9E88ED3820FCEA4500DF091F /* Member.swift */; };
		9E88ED3B20FCEC5100DF091F /* MemberMenus.swift in Sources */ = {isa = PBXBuildFile; fileRef = 9E88ED3A20FCEC5100DF091F /* MemberMenus.swift */; };
		9E88ED3F20FE5D2C00DF091F /* LoginViewController.swift in Sources */ = {isa = PBXBuildFile; fileRef = 9E88ED3E20FE5D2C00DF091F /* LoginViewController.swift */; };
		9E88ED4120FE61CE00DF091F /* ResetPwdViewController.swift in Sources */ = {isa = PBXBuildFile; fileRef = 9E88ED4020FE61CD00DF091F /* ResetPwdViewController.swift */; };
		9E88ED4320FE624D00DF091F /* RegisterViewController.swift in Sources */ = {isa = PBXBuildFile; fileRef = 9E88ED4220FE624D00DF091F /* RegisterViewController.swift */; };
		9E88ED4520FE63AE00DF091F /* ForgotPwdViewController.swift in Sources */ = {isa = PBXBuildFile; fileRef = 9E88ED4420FE63AE00DF091F /* ForgotPwdViewController.swift */; };
		9EE26B4D21247C7500619D98 /* ZHQRCodeConfig.swift in Sources */ = {isa = PBXBuildFile; fileRef = 9EE26B4C21247C7500619D98 /* ZHQRCodeConfig.swift */; };
		9EE26B4F21247C8C00619D98 /* ZHQRcodeManager.swift in Sources */ = {isa = PBXBuildFile; fileRef = 9EE26B4E21247C8C00619D98 /* ZHQRcodeManager.swift */; };
		9EE26B5121248C2000619D98 /* ZHQRCodeViewController.swift in Sources */ = {isa = PBXBuildFile; fileRef = 9EE26B5021248C2000619D98 /* ZHQRCodeViewController.swift */; };
		9EE26B79212B0BE000619D98 /* HomeNavigationViewController.swift in Sources */ = {isa = PBXBuildFile; fileRef = 9EE26B78212B0BE000619D98 /* HomeNavigationViewController.swift */; };
		9EE26B7B212B0CA400619D98 /* HomeReportViewController.swift in Sources */ = {isa = PBXBuildFile; fileRef = 9EE26B7A212B0CA400619D98 /* HomeReportViewController.swift */; };
		9EE26B7D212B14F200619D98 /* HomeChartsViewController.swift in Sources */ = {isa = PBXBuildFile; fileRef = 9EE26B7C212B14F200619D98 /* HomeChartsViewController.swift */; };
/* End PBXBuildFile section */

/* Begin PBXContainerItemProxy section */
		9E29032A20F7B99B00F11C63 /* PBXContainerItemProxy */ = {
			isa = PBXContainerItemProxy;
			containerPortal = 9E29030D20F7B99800F11C63 /* Project object */;
			proxyType = 1;
			remoteGlobalIDString = 9E29031420F7B99800F11C63;
			remoteInfo = ZHERP;
		};
		9E29033520F7B99C00F11C63 /* PBXContainerItemProxy */ = {
			isa = PBXContainerItemProxy;
			containerPortal = 9E29030D20F7B99800F11C63 /* Project object */;
			proxyType = 1;
			remoteGlobalIDString = 9E29031420F7B99800F11C63;
			remoteInfo = ZHERP;
		};
/* End PBXContainerItemProxy section */

/* Begin PBXFileReference section */
		0018AC5B628E580B5DB4DE45 /* Pods_ZHERPTests.framework */ = {isa = PBXFileReference; explicitFileType = wrapper.framework; includeInIndex = 0; path = Pods_ZHERPTests.framework; sourceTree = BUILT_PRODUCTS_DIR; };
		0953297FAA824E19B8F904F9 /* Pods-ZHERPTests.debug.xcconfig */ = {isa = PBXFileReference; includeInIndex = 1; lastKnownFileType = text.xcconfig; name = "Pods-ZHERPTests.debug.xcconfig"; path = "Pods/Target Support Files/Pods-ZHERPTests/Pods-ZHERPTests.debug.xcconfig"; sourceTree = "<group>"; };
		2C2BD1CB21279ED300F6C6C3 /* GoodDetailViewController.swift */ = {isa = PBXFileReference; lastKnownFileType = sourcecode.swift; path = GoodDetailViewController.swift; sourceTree = "<group>"; };
		2C5AC3EC2125695F002FFC80 /* ZHScannerView.swift */ = {isa = PBXFileReference; lastKnownFileType = sourcecode.swift; name = ZHScannerView.swift; path = ZHERP/Helper/ZHScannerView.swift; sourceTree = SOURCE_ROOT; };
		2C5AC3EE21256AE3002FFC80 /* ZHQRCode.bundle */ = {isa = PBXFileReference; lastKnownFileType = "wrapper.plug-in"; path = ZHQRCode.bundle; sourceTree = "<group>"; };
		2C7FAC6B2100547A004AEC10 /* Cookie.swift */ = {isa = PBXFileReference; lastKnownFileType = sourcecode.swift; path = Cookie.swift; sourceTree = "<group>"; };
		2CBF4901212294A200199C1D /* CameraViewController.swift */ = {isa = PBXFileReference; lastKnownFileType = sourcecode.swift; path = CameraViewController.swift; sourceTree = "<group>"; };
		2CBF49032122A3B800199C1D /* QRCode.swift */ = {isa = PBXFileReference; lastKnownFileType = sourcecode.swift; path = QRCode.swift; sourceTree = "<group>"; };
		2CC1319221114279004C8097 /* SearchViewController.swift */ = {isa = PBXFileReference; lastKnownFileType = sourcecode.swift; path = SearchViewController.swift; sourceTree = "<group>"; };
		2CC9036A210855B60083D70C /* SystemViewController.swift */ = {isa = PBXFileReference; lastKnownFileType = sourcecode.swift; path = SystemViewController.swift; sourceTree = "<group>"; };
		2CE96F1A211C0D0700B4CE5A /* OrderSearchResultViewController.swift */ = {isa = PBXFileReference; lastKnownFileType = sourcecode.swift; path = OrderSearchResultViewController.swift; sourceTree = "<group>"; };
		2CEA8C49212A503E00004AE6 /* UIImage-Extensions.swift */ = {isa = PBXFileReference; lastKnownFileType = sourcecode.swift; path = "UIImage-Extensions.swift"; sourceTree = "<group>"; };
		2CEA8C4B212AB17400004AE6 /* HomeCollectionViewCell.swift */ = {isa = PBXFileReference; lastKnownFileType = sourcecode.swift; path = HomeCollectionViewCell.swift; sourceTree = "<group>"; };
		30C77E137814C4E429C7FF16 /* Pods-ZHERPUITests.debug.xcconfig */ = {isa = PBXFileReference; includeInIndex = 1; lastKnownFileType = text.xcconfig; name = "Pods-ZHERPUITests.debug.xcconfig"; path = "Pods/Target Support Files/Pods-ZHERPUITests/Pods-ZHERPUITests.debug.xcconfig"; sourceTree = "<group>"; };
		532FEF4AFB84E941C848EBDE /* Pods_ZHERP.framework */ = {isa = PBXFileReference; explicitFileType = wrapper.framework; includeInIndex = 0; path = Pods_ZHERP.framework; sourceTree = BUILT_PRODUCTS_DIR; };
		829D37B56E7E23231666AB1E /* Pods-ZHERP.release.xcconfig */ = {isa = PBXFileReference; includeInIndex = 1; lastKnownFileType = text.xcconfig; name = "Pods-ZHERP.release.xcconfig"; path = "Pods/Target Support Files/Pods-ZHERP/Pods-ZHERP.release.xcconfig"; sourceTree = "<group>"; };
		8BD4B1E4B718B1C487039245 /* Pods-ZHERP.debug.xcconfig */ = {isa = PBXFileReference; includeInIndex = 1; lastKnownFileType = text.xcconfig; name = "Pods-ZHERP.debug.xcconfig"; path = "Pods/Target Support Files/Pods-ZHERP/Pods-ZHERP.debug.xcconfig"; sourceTree = "<group>"; };
		9ADCE7C4B0A7D41C0DA234D6 /* Pods_ZHERPUITests.framework */ = {isa = PBXFileReference; explicitFileType = wrapper.framework; includeInIndex = 0; path = Pods_ZHERPUITests.framework; sourceTree = BUILT_PRODUCTS_DIR; };
		9E29031520F7B99800F11C63 /* ZHERP.app */ = {isa = PBXFileReference; explicitFileType = wrapper.application; includeInIndex = 0; path = ZHERP.app; sourceTree = BUILT_PRODUCTS_DIR; };
		9E29031820F7B99800F11C63 /* AppDelegate.swift */ = {isa = PBXFileReference; lastKnownFileType = sourcecode.swift; path = AppDelegate.swift; sourceTree = "<group>"; };
		9E29031A20F7B99800F11C63 /* ViewController.swift */ = {isa = PBXFileReference; lastKnownFileType = sourcecode.swift; path = ViewController.swift; sourceTree = "<group>"; };
		9E29031D20F7B99800F11C63 /* Base */ = {isa = PBXFileReference; lastKnownFileType = file.storyboard; name = Base; path = Base.lproj/Main.storyboard; sourceTree = "<group>"; };
		9E29032220F7B99B00F11C63 /* Base */ = {isa = PBXFileReference; lastKnownFileType = file.storyboard; name = Base; path = Base.lproj/LaunchScreen.storyboard; sourceTree = "<group>"; };
		9E29032420F7B99B00F11C63 /* Info.plist */ = {isa = PBXFileReference; lastKnownFileType = text.plist.xml; path = Info.plist; sourceTree = "<group>"; };
		9E29032920F7B99B00F11C63 /* ZHERPTests.xctest */ = {isa = PBXFileReference; explicitFileType = wrapper.cfbundle; includeInIndex = 0; path = ZHERPTests.xctest; sourceTree = BUILT_PRODUCTS_DIR; };
		9E29032D20F7B99B00F11C63 /* ZHERPTests.swift */ = {isa = PBXFileReference; lastKnownFileType = sourcecode.swift; path = ZHERPTests.swift; sourceTree = "<group>"; };
		9E29032F20F7B99B00F11C63 /* Info.plist */ = {isa = PBXFileReference; lastKnownFileType = text.plist.xml; path = Info.plist; sourceTree = "<group>"; };
		9E29033420F7B99C00F11C63 /* ZHERPUITests.xctest */ = {isa = PBXFileReference; explicitFileType = wrapper.cfbundle; includeInIndex = 0; path = ZHERPUITests.xctest; sourceTree = BUILT_PRODUCTS_DIR; };
		9E29033820F7B99C00F11C63 /* ZHERPUITests.swift */ = {isa = PBXFileReference; lastKnownFileType = sourcecode.swift; path = ZHERPUITests.swift; sourceTree = "<group>"; };
		9E29033A20F7B99C00F11C63 /* Info.plist */ = {isa = PBXFileReference; lastKnownFileType = text.plist.xml; path = Info.plist; sourceTree = "<group>"; };
		9E29036020F81C7500F11C63 /* Header.h */ = {isa = PBXFileReference; lastKnownFileType = sourcecode.c.h; path = Header.h; sourceTree = "<group>"; };
		9E523DDF20FEB4F100CF921F /* ProtocolPageViewController.swift */ = {isa = PBXFileReference; lastKnownFileType = sourcecode.swift; path = ProtocolPageViewController.swift; sourceTree = "<group>"; };
		9E523DE12100DD0500CF921F /* Protocol.swift */ = {isa = PBXFileReference; lastKnownFileType = sourcecode.swift; path = Protocol.swift; sourceTree = "<group>"; };
		9E523DE32100DDA900CF921F /* Service.swift */ = {isa = PBXFileReference; lastKnownFileType = sourcecode.swift; path = Service.swift; sourceTree = "<group>"; };
		9E523DE52100E21000CF921F /* RegisterVM.swift */ = {isa = PBXFileReference; lastKnownFileType = sourcecode.swift; path = RegisterVM.swift; sourceTree = "<group>"; };
		9E523DE72102E46900CF921F /* BaseViewController.swift */ = {isa = PBXFileReference; lastKnownFileType = sourcecode.swift; path = BaseViewController.swift; sourceTree = "<group>"; };
		9E523DE921034B2000CF921F /* Assets.xcassets */ = {isa = PBXFileReference; lastKnownFileType = folder.assetcatalog; path = Assets.xcassets; sourceTree = "<group>"; };
		9E523DEF210460B600CF921F /* HHGuidePageHUD.swift */ = {isa = PBXFileReference; fileEncoding = 4; lastKnownFileType = sourcecode.swift; path = HHGuidePageHUD.swift; sourceTree = "<group>"; };
		9E523DF0210460B600CF921F /* guide_btn_bg@2x.png */ = {isa = PBXFileReference; lastKnownFileType = image.png; path = "guide_btn_bg@2x.png"; sourceTree = "<group>"; };
		9E523DF1210460B600CF921F /* UIImage+GIF.swift */ = {isa = PBXFileReference; fileEncoding = 4; lastKnownFileType = sourcecode.swift; path = "UIImage+GIF.swift"; sourceTree = "<group>"; };
		9E523DF52104615700CF921F /* guideImage6.gif */ = {isa = PBXFileReference; lastKnownFileType = image.gif; path = guideImage6.gif; sourceTree = "<group>"; };
		9E523DF62104615700CF921F /* guideImage8.gif */ = {isa = PBXFileReference; lastKnownFileType = image.gif; path = guideImage8.gif; sourceTree = "<group>"; };
		9E523DF72104615700CF921F /* 1.mp4 */ = {isa = PBXFileReference; lastKnownFileType = file; path = 1.mp4; sourceTree = "<group>"; };
		9E523DF82104615700CF921F /* guideImage7.gif */ = {isa = PBXFileReference; lastKnownFileType = image.gif; path = guideImage7.gif; sourceTree = "<group>"; };
		9E523DFD2104661400CF921F /* GuideViewController.swift */ = {isa = PBXFileReference; lastKnownFileType = sourcecode.swift; path = GuideViewController.swift; sourceTree = "<group>"; };
		9E523DFF21047E7900CF921F /* UserDefaults.swift */ = {isa = PBXFileReference; lastKnownFileType = sourcecode.swift; path = UserDefaults.swift; sourceTree = "<group>"; };
		9E523E0121047F7700CF921F /* IntroductionViewController.swift */ = {isa = PBXFileReference; lastKnownFileType = sourcecode.swift; path = IntroductionViewController.swift; sourceTree = "<group>"; };
		9E523E242104D7CC00CF921F /* guideImage5.jpg */ = {isa = PBXFileReference; lastKnownFileType = image.jpeg; path = guideImage5.jpg; sourceTree = "<group>"; };
		9E523E252104D7CC00CF921F /* guideImage7.gif */ = {isa = PBXFileReference; lastKnownFileType = image.gif; path = guideImage7.gif; sourceTree = "<group>"; };
		9E523E262104D7CD00CF921F /* shopping.gif */ = {isa = PBXFileReference; lastKnownFileType = image.gif; path = shopping.gif; sourceTree = "<group>"; };
		9E523E272104D7CD00CF921F /* guideImage4.jpg */ = {isa = PBXFileReference; lastKnownFileType = image.jpeg; path = guideImage4.jpg; sourceTree = "<group>"; };
		9E523E282104D7CD00CF921F /* guideImage3.jpg */ = {isa = PBXFileReference; lastKnownFileType = image.jpeg; path = guideImage3.jpg; sourceTree = "<group>"; };
		9E523E292104D7CD00CF921F /* adImage4.gif */ = {isa = PBXFileReference; lastKnownFileType = image.gif; path = adImage4.gif; sourceTree = "<group>"; };
		9E523E312104DA1000CF921F /* GifImageOperation.swift */ = {isa = PBXFileReference; fileEncoding = 4; lastKnownFileType = sourcecode.swift; path = GifImageOperation.swift; sourceTree = "<group>"; };
		9E523E342106170000CF921F /* SettingViewController.swift */ = {isa = PBXFileReference; lastKnownFileType = sourcecode.swift; path = SettingViewController.swift; sourceTree = "<group>"; };
		9E523E3621074E8200CF921F /* BaseNavigationController.swift */ = {isa = PBXFileReference; lastKnownFileType = sourcecode.swift; path = BaseNavigationController.swift; sourceTree = "<group>"; };
		9E523E3921076B3C00CF921F /* PersonalViewController.swift */ = {isa = PBXFileReference; lastKnownFileType = sourcecode.swift; path = PersonalViewController.swift; sourceTree = "<group>"; };
		9E523E3B2107708600CF921F /* Personal.swift */ = {isa = PBXFileReference; lastKnownFileType = sourcecode.swift; path = Personal.swift; sourceTree = "<group>"; };
		9E523E3D2107819000CF921F /* EditPersonalViewController.swift */ = {isa = PBXFileReference; lastKnownFileType = sourcecode.swift; path = EditPersonalViewController.swift; sourceTree = "<group>"; };
		9E523E3F2107E99E00CF921F /* NotifyViewController.swift */ = {isa = PBXFileReference; lastKnownFileType = sourcecode.swift; path = NotifyViewController.swift; sourceTree = "<group>"; };
		9E523E412107EB3600CF921F /* TestViewController.swift */ = {isa = PBXFileReference; lastKnownFileType = sourcecode.swift; path = TestViewController.swift; sourceTree = "<group>"; };
		9E523E652108C5D400CF921F /* NotifyTableViewCell.swift */ = {isa = PBXFileReference; lastKnownFileType = sourcecode.swift; path = NotifyTableViewCell.swift; sourceTree = "<group>"; };
		9E523E662108C5D400CF921F /* NotifyTableViewCell.xib */ = {isa = PBXFileReference; lastKnownFileType = file.xib; path = NotifyTableViewCell.xib; sourceTree = "<group>"; };
		9E523E692108D54600CF921F /* NoDisturbingViewController.swift */ = {isa = PBXFileReference; lastKnownFileType = sourcecode.swift; path = NoDisturbingViewController.swift; sourceTree = "<group>"; };
		9E523E6B2109401F00CF921F /* SwitchTableViewCell.swift */ = {isa = PBXFileReference; lastKnownFileType = sourcecode.swift; path = SwitchTableViewCell.swift; sourceTree = "<group>"; };
		9E523E6C2109401F00CF921F /* SwitchTableViewCell.xib */ = {isa = PBXFileReference; lastKnownFileType = file.xib; path = SwitchTableViewCell.xib; sourceTree = "<group>"; };
		9E523E6F210A241500CF921F /* ImageRightTableViewCell.swift */ = {isa = PBXFileReference; lastKnownFileType = sourcecode.swift; path = ImageRightTableViewCell.swift; sourceTree = "<group>"; };
		9E523E70210A241500CF921F /* ImageRightTableViewCell.xib */ = {isa = PBXFileReference; lastKnownFileType = file.xib; path = ImageRightTableViewCell.xib; sourceTree = "<group>"; };
		9E523E73210A379500CF921F /* EditAvatarViewController.swift */ = {isa = PBXFileReference; lastKnownFileType = sourcecode.swift; path = EditAvatarViewController.swift; sourceTree = "<group>"; };
		9E523E76210BF53F00CF921F /* RegisteringViewController.swift */ = {isa = PBXFileReference; lastKnownFileType = sourcecode.swift; path = RegisteringViewController.swift; sourceTree = "<group>"; };
		9E523E78210C13D800CF921F /* LoginingViewController.swift */ = {isa = PBXFileReference; lastKnownFileType = sourcecode.swift; path = LoginingViewController.swift; sourceTree = "<group>"; };
		9E523E7A210C238400CF921F /* ForgetViewController.swift */ = {isa = PBXFileReference; lastKnownFileType = sourcecode.swift; path = ForgetViewController.swift; sourceTree = "<group>"; };
		9E523E7C210C23CF00CF921F /* ResetViewController.swift */ = {isa = PBXFileReference; lastKnownFileType = sourcecode.swift; path = ResetViewController.swift; sourceTree = "<group>"; };
		9E523E7E210C5B3000CF921F /* EditQRCodeViewController.swift */ = {isa = PBXFileReference; lastKnownFileType = sourcecode.swift; path = EditQRCodeViewController.swift; sourceTree = "<group>"; };
		9E523E84210CCEB000CF921F /* Common.swift */ = {isa = PBXFileReference; lastKnownFileType = sourcecode.swift; path = Common.swift; sourceTree = "<group>"; };
		9E523E86210CCF5400CF921F /* ZHSearchController.swift */ = {isa = PBXFileReference; lastKnownFileType = sourcecode.swift; path = ZHSearchController.swift; sourceTree = "<group>"; };
		9E523E88210D449300CF921F /* OrderViewController.swift */ = {isa = PBXFileReference; lastKnownFileType = sourcecode.swift; path = OrderViewController.swift; sourceTree = "<group>"; };
		9E523E8D210D537B00CF921F /* GoodViewController.swift */ = {isa = PBXFileReference; lastKnownFileType = sourcecode.swift; path = GoodViewController.swift; sourceTree = "<group>"; };
		9E523E8F210D540900CF921F /* OrderAllViewController.swift */ = {isa = PBXFileReference; lastKnownFileType = sourcecode.swift; path = OrderAllViewController.swift; sourceTree = "<group>"; };
		9E523E91210D543F00CF921F /* OrderPayViewController.swift */ = {isa = PBXFileReference; lastKnownFileType = sourcecode.swift; path = OrderPayViewController.swift; sourceTree = "<group>"; };
		9E523E93210D544E00CF921F /* OrderUnpayViewController.swift */ = {isa = PBXFileReference; lastKnownFileType = sourcecode.swift; path = OrderUnpayViewController.swift; sourceTree = "<group>"; };
		9E523E95210D546400CF921F /* OrderCloseViewController.swift */ = {isa = PBXFileReference; lastKnownFileType = sourcecode.swift; path = OrderCloseViewController.swift; sourceTree = "<group>"; };
		9E523E97210D548500CF921F /* OrderCompleteViewController.swift */ = {isa = PBXFileReference; lastKnownFileType = sourcecode.swift; path = OrderCompleteViewController.swift; sourceTree = "<group>"; };
		9E523E9921127EC800CF921F /* UIView-Extensions.swift */ = {isa = PBXFileReference; lastKnownFileType = sourcecode.swift; path = "UIView-Extensions.swift"; sourceTree = "<group>"; };
		9E523E9B2119DF2100CF921F /* OrderTableViewCell.swift */ = {isa = PBXFileReference; lastKnownFileType = sourcecode.swift; path = OrderTableViewCell.swift; sourceTree = "<group>"; };
		9E523E9C2119DF2100CF921F /* OrderTableViewCell.xib */ = {isa = PBXFileReference; lastKnownFileType = file.xib; path = OrderTableViewCell.xib; sourceTree = "<group>"; };
		9E523E9F211B42A700CF921F /* ZHERP-Bridging-Header.h */ = {isa = PBXFileReference; lastKnownFileType = sourcecode.c.h; path = "ZHERP-Bridging-Header.h"; sourceTree = "<group>"; };
		9E523EA0211B42A800CF921F /* bridge.m */ = {isa = PBXFileReference; lastKnownFileType = sourcecode.c.objc; path = bridge.m; sourceTree = "<group>"; };
		9E88ED0620FB3B3800DF091F /* PostAPI.swift */ = {isa = PBXFileReference; fileEncoding = 4; lastKnownFileType = sourcecode.swift; path = PostAPI.swift; sourceTree = "<group>"; };
		9E88ED0B20FB3B7600DF091F /* Response+ObjectMapper.swift */ = {isa = PBXFileReference; fileEncoding = 4; lastKnownFileType = sourcecode.swift; path = "Response+ObjectMapper.swift"; sourceTree = "<group>"; };
		9E88ED0C20FB3B7600DF091F /* ObservableType+ObjectMapper.swift */ = {isa = PBXFileReference; fileEncoding = 4; lastKnownFileType = sourcecode.swift; path = "ObservableType+ObjectMapper.swift"; sourceTree = "<group>"; };
		9E88ED0D20FB3B7600DF091F /* Single+ObjectMapper.swift */ = {isa = PBXFileReference; fileEncoding = 4; lastKnownFileType = sourcecode.swift; path = "Single+ObjectMapper.swift"; sourceTree = "<group>"; };
		9E88ED0E20FB3B7700DF091F /* Observable+ObjectMapper.swift */ = {isa = PBXFileReference; fileEncoding = 4; lastKnownFileType = sourcecode.swift; path = "Observable+ObjectMapper.swift"; sourceTree = "<group>"; };
		9E88ED1320FB3B9300DF091F /* Post.swift */ = {isa = PBXFileReference; fileEncoding = 4; lastKnownFileType = sourcecode.swift; path = Post.swift; sourceTree = "<group>"; };
		9E88ED1520FB3BA500DF091F /* PostProvider.swift */ = {isa = PBXFileReference; fileEncoding = 4; lastKnownFileType = sourcecode.swift; path = PostProvider.swift; sourceTree = "<group>"; };
		9E88ED1920FB41F800DF091F /* HomeViewController.swift */ = {isa = PBXFileReference; lastKnownFileType = sourcecode.swift; path = HomeViewController.swift; sourceTree = "<group>"; };
		9E88ED1B20FB462600DF091F /* OrderTableViewController.swift */ = {isa = PBXFileReference; lastKnownFileType = sourcecode.swift; path = OrderTableViewController.swift; sourceTree = "<group>"; };
		9E88ED1D20FB464B00DF091F /* GoodTableViewController.swift */ = {isa = PBXFileReference; lastKnownFileType = sourcecode.swift; path = GoodTableViewController.swift; sourceTree = "<group>"; };
		9E88ED1F20FB469000DF091F /* StatisticViewController.swift */ = {isa = PBXFileReference; lastKnownFileType = sourcecode.swift; path = StatisticViewController.swift; sourceTree = "<group>"; };
		9E88ED2220FB530200DF091F /* SearchBar.swift */ = {isa = PBXFileReference; lastKnownFileType = sourcecode.swift; path = SearchBar.swift; sourceTree = "<group>"; };
		9E88ED2420FB53AE00DF091F /* OrderDetailViewController.swift */ = {isa = PBXFileReference; lastKnownFileType = sourcecode.swift; path = OrderDetailViewController.swift; sourceTree = "<group>"; };
		9E88ED2620FB576200DF091F /* Candy.swift */ = {isa = PBXFileReference; lastKnownFileType = sourcecode.swift; path = Candy.swift; sourceTree = "<group>"; };
		9E88ED2920FB723600DF091F /* UIColor.swift */ = {isa = PBXFileReference; lastKnownFileType = sourcecode.swift; path = UIColor.swift; sourceTree = "<group>"; };
		9E88ED2C20FB8C7900DF091F /* Specs.swift */ = {isa = PBXFileReference; lastKnownFileType = sourcecode.swift; path = Specs.swift; sourceTree = "<group>"; };
		9E88ED2E20FBA90C00DF091F /* HelperCommon.swift */ = {isa = PBXFileReference; lastKnownFileType = sourcecode.swift; path = HelperCommon.swift; sourceTree = "<group>"; };
		9E88ED3120FCE21000DF091F /* TableViewCell.swift */ = {isa = PBXFileReference; lastKnownFileType = sourcecode.swift; path = TableViewCell.swift; sourceTree = "<group>"; };
		9E88ED3420FCE95600DF091F /* MemberBaseViewController.swift */ = {isa = PBXFileReference; lastKnownFileType = sourcecode.swift; path = MemberBaseViewController.swift; sourceTree = "<group>"; };
		9E88ED3620FCE9C400DF091F /* MemberViewController.swift */ = {isa = PBXFileReference; lastKnownFileType = sourcecode.swift; path = MemberViewController.swift; sourceTree = "<group>"; };
		9E88ED3820FCEA4500DF091F /* Member.swift */ = {isa = PBXFileReference; lastKnownFileType = sourcecode.swift; path = Member.swift; sourceTree = "<group>"; };
		9E88ED3A20FCEC5100DF091F /* MemberMenus.swift */ = {isa = PBXFileReference; lastKnownFileType = sourcecode.swift; path = MemberMenus.swift; sourceTree = "<group>"; };
		9E88ED3E20FE5D2C00DF091F /* LoginViewController.swift */ = {isa = PBXFileReference; lastKnownFileType = sourcecode.swift; path = LoginViewController.swift; sourceTree = "<group>"; };
		9E88ED4020FE61CD00DF091F /* ResetPwdViewController.swift */ = {isa = PBXFileReference; fileEncoding = 4; lastKnownFileType = sourcecode.swift; path = ResetPwdViewController.swift; sourceTree = "<group>"; };
		9E88ED4220FE624D00DF091F /* RegisterViewController.swift */ = {isa = PBXFileReference; lastKnownFileType = sourcecode.swift; path = RegisterViewController.swift; sourceTree = "<group>"; };
		9E88ED4420FE63AE00DF091F /* ForgotPwdViewController.swift */ = {isa = PBXFileReference; lastKnownFileType = sourcecode.swift; path = ForgotPwdViewController.swift; sourceTree = "<group>"; };
		9EE26B4C21247C7500619D98 /* ZHQRCodeConfig.swift */ = {isa = PBXFileReference; lastKnownFileType = sourcecode.swift; path = ZHQRCodeConfig.swift; sourceTree = "<group>"; };
		9EE26B4E21247C8C00619D98 /* ZHQRcodeManager.swift */ = {isa = PBXFileReference; lastKnownFileType = sourcecode.swift; path = ZHQRcodeManager.swift; sourceTree = "<group>"; };
		9EE26B5021248C2000619D98 /* ZHQRCodeViewController.swift */ = {isa = PBXFileReference; lastKnownFileType = sourcecode.swift; path = ZHQRCodeViewController.swift; sourceTree = "<group>"; };
		9EE26B78212B0BE000619D98 /* HomeNavigationViewController.swift */ = {isa = PBXFileReference; lastKnownFileType = sourcecode.swift; path = HomeNavigationViewController.swift; sourceTree = "<group>"; };
		9EE26B7A212B0CA400619D98 /* HomeReportViewController.swift */ = {isa = PBXFileReference; lastKnownFileType = sourcecode.swift; path = HomeReportViewController.swift; sourceTree = "<group>"; };
		9EE26B7C212B14F200619D98 /* HomeChartsViewController.swift */ = {isa = PBXFileReference; lastKnownFileType = sourcecode.swift; path = HomeChartsViewController.swift; sourceTree = "<group>"; };
		9F01564B284FE65EC6264542 /* Pods-ZHERPUITests.release.xcconfig */ = {isa = PBXFileReference; includeInIndex = 1; lastKnownFileType = text.xcconfig; name = "Pods-ZHERPUITests.release.xcconfig"; path = "Pods/Target Support Files/Pods-ZHERPUITests/Pods-ZHERPUITests.release.xcconfig"; sourceTree = "<group>"; };
		A20BF83E3F3D312627719EFA /* Pods-ZHERPTests.release.xcconfig */ = {isa = PBXFileReference; includeInIndex = 1; lastKnownFileType = text.xcconfig; name = "Pods-ZHERPTests.release.xcconfig"; path = "Pods/Target Support Files/Pods-ZHERPTests/Pods-ZHERPTests.release.xcconfig"; sourceTree = "<group>"; };
/* End PBXFileReference section */

/* Begin PBXFrameworksBuildPhase section */
		9E29031220F7B99800F11C63 /* Frameworks */ = {
			isa = PBXFrameworksBuildPhase;
			buildActionMask = 2147483647;
			files = (
				4D5DC0AAB0D07F80968B0079 /* Pods_ZHERP.framework in Frameworks */,
			);
			runOnlyForDeploymentPostprocessing = 0;
		};
		9E29032620F7B99B00F11C63 /* Frameworks */ = {
			isa = PBXFrameworksBuildPhase;
			buildActionMask = 2147483647;
			files = (
				8F0E2D4FE6DC9F693DE6136E /* Pods_ZHERPTests.framework in Frameworks */,
			);
			runOnlyForDeploymentPostprocessing = 0;
		};
		9E29033120F7B99C00F11C63 /* Frameworks */ = {
			isa = PBXFrameworksBuildPhase;
			buildActionMask = 2147483647;
			files = (
				43D0F869FCB1EFFD2A515717 /* Pods_ZHERPUITests.framework in Frameworks */,
			);
			runOnlyForDeploymentPostprocessing = 0;
		};
/* End PBXFrameworksBuildPhase section */

/* Begin PBXGroup section */
		2CE96F19211C0CBE00B4CE5A /* SearchResult */ = {
			isa = PBXGroup;
			children = (
				2CE96F1A211C0D0700B4CE5A /* OrderSearchResultViewController.swift */,
			);
			path = SearchResult;
			sourceTree = "<group>";
		};
		2CEA8C48212A500600004AE6 /* UIImage */ = {
			isa = PBXGroup;
			children = (
				2CEA8C49212A503E00004AE6 /* UIImage-Extensions.swift */,
			);
			path = UIImage;
			sourceTree = "<group>";
		};
		38F99A7220F4798064F30D64 /* Frameworks */ = {
			isa = PBXGroup;
			children = (
				532FEF4AFB84E941C848EBDE /* Pods_ZHERP.framework */,
				0018AC5B628E580B5DB4DE45 /* Pods_ZHERPTests.framework */,
				9ADCE7C4B0A7D41C0DA234D6 /* Pods_ZHERPUITests.framework */,
			);
			name = Frameworks;
			sourceTree = "<group>";
		};
		9E29030C20F7B99800F11C63 = {
			isa = PBXGroup;
			children = (
				9E29031720F7B99800F11C63 /* ZHERP */,
				9E29032C20F7B99B00F11C63 /* ZHERPTests */,
				9E29033720F7B99C00F11C63 /* ZHERPUITests */,
				9E29031620F7B99800F11C63 /* Products */,
				DF0678E1C24A1C6B44D879C4 /* Pods */,
				38F99A7220F4798064F30D64 /* Frameworks */,
			);
			sourceTree = "<group>";
		};
		9E29031620F7B99800F11C63 /* Products */ = {
			isa = PBXGroup;
			children = (
				9E29031520F7B99800F11C63 /* ZHERP.app */,
				9E29032920F7B99B00F11C63 /* ZHERPTests.xctest */,
				9E29033420F7B99C00F11C63 /* ZHERPUITests.xctest */,
			);
			name = Products;
			sourceTree = "<group>";
		};
		9E29031720F7B99800F11C63 /* ZHERP */ = {
			isa = PBXGroup;
			children = (
				9E523E80210CCD9900CF921F /* Classes */,
				9E523E232104D79B00CF921F /* Assets */,
				9E88ED2B20FB8C1D00DF091F /* Helper */,
				9E88ED0A20FB3B6300DF091F /* Extensions */,
				9E88ED0520FB3B0600DF091F /* View */,
				9E29034920F7B9E000F11C63 /* API */,
				9E29034820F7B9D800F11C63 /* Mapper */,
				9E29034720F7B9C400F11C63 /* ViewModel */,
				9E29034620F7B9B400F11C63 /* Object-C */,
				9E29031820F7B99800F11C63 /* AppDelegate.swift */,
				9E29031C20F7B99800F11C63 /* Main.storyboard */,
				9E29032120F7B99B00F11C63 /* LaunchScreen.storyboard */,
				9E29032420F7B99B00F11C63 /* Info.plist */,
				9E523DE921034B2000CF921F /* Assets.xcassets */,
				9E523DF72104615700CF921F /* 1.mp4 */,
				9E523DF52104615700CF921F /* guideImage6.gif */,
				9E523DF82104615700CF921F /* guideImage7.gif */,
				9E523DF62104615700CF921F /* guideImage8.gif */,
			);
			path = ZHERP;
			sourceTree = "<group>";
		};
		9E29032C20F7B99B00F11C63 /* ZHERPTests */ = {
			isa = PBXGroup;
			children = (
				9E29032D20F7B99B00F11C63 /* ZHERPTests.swift */,
				9E29032F20F7B99B00F11C63 /* Info.plist */,
			);
			path = ZHERPTests;
			sourceTree = "<group>";
		};
		9E29033720F7B99C00F11C63 /* ZHERPUITests */ = {
			isa = PBXGroup;
			children = (
				9E29033820F7B99C00F11C63 /* ZHERPUITests.swift */,
				9E29033A20F7B99C00F11C63 /* Info.plist */,
			);
			path = ZHERPUITests;
			sourceTree = "<group>";
		};
		9E29034620F7B9B400F11C63 /* Object-C */ = {
			isa = PBXGroup;
			children = (
				9E29036020F81C7500F11C63 /* Header.h */,
				9E523EA0211B42A800CF921F /* bridge.m */,
				9E523E9F211B42A700CF921F /* ZHERP-Bridging-Header.h */,
			);
			path = "Object-C";
			sourceTree = "<group>";
		};
		9E29034720F7B9C400F11C63 /* ViewModel */ = {
			isa = PBXGroup;
			children = (
				9E523DE12100DD0500CF921F /* Protocol.swift */,
				9E523DE32100DDA900CF921F /* Service.swift */,
				9E88ED1520FB3BA500DF091F /* PostProvider.swift */,
				9E88ED3A20FCEC5100DF091F /* MemberMenus.swift */,
				9E523DE52100E21000CF921F /* RegisterVM.swift */,
			);
			path = ViewModel;
			sourceTree = "<group>";
		};
		9E29034820F7B9D800F11C63 /* Mapper */ = {
			isa = PBXGroup;
			children = (
				9E88ED1320FB3B9300DF091F /* Post.swift */,
				9E88ED2620FB576200DF091F /* Candy.swift */,
				9E88ED3820FCEA4500DF091F /* Member.swift */,
				9E523E3B2107708600CF921F /* Personal.swift */,
			);
			path = Mapper;
			sourceTree = "<group>";
		};
		9E29034920F7B9E000F11C63 /* API */ = {
			isa = PBXGroup;
			children = (
				9E88ED0620FB3B3800DF091F /* PostAPI.swift */,
			);
			path = API;
			sourceTree = "<group>";
		};
		9E523DEB21045F3300CF921F /* ThirdParty */ = {
			isa = PBXGroup;
			children = (
				9EE26B4921247C3600619D98 /* ZHQRCode */,
				9E523E312104DA1000CF921F /* GifImageOperation.swift */,
				9E523DEE210460A800CF921F /* HHGuidePageHUD */,
			);
			path = ThirdParty;
			sourceTree = "<group>";
		};
		9E523DEE210460A800CF921F /* HHGuidePageHUD */ = {
			isa = PBXGroup;
			children = (
				9E523DF0210460B600CF921F /* guide_btn_bg@2x.png */,
				9E523DEF210460B600CF921F /* HHGuidePageHUD.swift */,
				9E523DF1210460B600CF921F /* UIImage+GIF.swift */,
			);
			path = HHGuidePageHUD;
			sourceTree = "<group>";
		};
		9E523E232104D79B00CF921F /* Assets */ = {
			isa = PBXGroup;
			children = (
				9E523E302104D7D300CF921F /* images */,
			);
			path = Assets;
			sourceTree = "<group>";
		};
		9E523E302104D7D300CF921F /* images */ = {
			isa = PBXGroup;
			children = (
				9E523E292104D7CD00CF921F /* adImage4.gif */,
				9E523E282104D7CD00CF921F /* guideImage3.jpg */,
				9E523E272104D7CD00CF921F /* guideImage4.jpg */,
				9E523E242104D7CC00CF921F /* guideImage5.jpg */,
				9E523E252104D7CC00CF921F /* guideImage7.gif */,
				9E523E262104D7CD00CF921F /* shopping.gif */,
			);
			path = images;
			sourceTree = "<group>";
		};
		9E523E33210616E600CF921F /* Manage */ = {
			isa = PBXGroup;
			children = (
				9E523E342106170000CF921F /* SettingViewController.swift */,
				9E523E3F2107E99E00CF921F /* NotifyViewController.swift */,
				9E523E412107EB3600CF921F /* TestViewController.swift */,
				2CC9036A210855B60083D70C /* SystemViewController.swift */,
				9E523E692108D54600CF921F /* NoDisturbingViewController.swift */,
			);
			path = Manage;
			sourceTree = "<group>";
		};
		9E523E3821076B0400CF921F /* Personal */ = {
			isa = PBXGroup;
			children = (
				9E523E3921076B3C00CF921F /* PersonalViewController.swift */,
				9E523E3D2107819000CF921F /* EditPersonalViewController.swift */,
				9E523E73210A379500CF921F /* EditAvatarViewController.swift */,
				9E523E7E210C5B3000CF921F /* EditQRCodeViewController.swift */,
			);
			path = Personal;
			sourceTree = "<group>";
		};
		9E523E80210CCD9900CF921F /* Classes */ = {
			isa = PBXGroup;
			children = (
				9E523E81210CCDA500CF921F /* General */,
			);
			path = Classes;
			sourceTree = "<group>";
		};
		9E523E81210CCDA500CF921F /* General */ = {
			isa = PBXGroup;
			children = (
				9E523E82210CCE1F00CF921F /* CommonUI */,
				9E523E84210CCEB000CF921F /* Common.swift */,
			);
			path = General;
			sourceTree = "<group>";
		};
		9E523E82210CCE1F00CF921F /* CommonUI */ = {
			isa = PBXGroup;
			children = (
				9E523E83210CCE4800CF921F /* ZHSearchController */,
			);
			path = CommonUI;
			sourceTree = "<group>";
		};
		9E523E83210CCE4800CF921F /* ZHSearchController */ = {
			isa = PBXGroup;
			children = (
				9E523E86210CCF5400CF921F /* ZHSearchController.swift */,
			);
			path = ZHSearchController;
			sourceTree = "<group>";
		};
		9E523E8A210D52BC00CF921F /* PagingMenuController */ = {
			isa = PBXGroup;
			children = (
				9E523E8C210D52DB00CF921F /* Goods */,
				9E523E8B210D52C800CF921F /* Orders */,
			);
			path = PagingMenuController;
			sourceTree = "<group>";
		};
		9E523E8B210D52C800CF921F /* Orders */ = {
			isa = PBXGroup;
			children = (
				9E523E8F210D540900CF921F /* OrderAllViewController.swift */,
				9E523E91210D543F00CF921F /* OrderPayViewController.swift */,
				9E523E93210D544E00CF921F /* OrderUnpayViewController.swift */,
				9E523E95210D546400CF921F /* OrderCloseViewController.swift */,
				9E523E97210D548500CF921F /* OrderCompleteViewController.swift */,
				9E523E9B2119DF2100CF921F /* OrderTableViewCell.swift */,
				9E523E9C2119DF2100CF921F /* OrderTableViewCell.xib */,
			);
			path = Orders;
			sourceTree = "<group>";
		};
		9E523E8C210D52DB00CF921F /* Goods */ = {
			isa = PBXGroup;
			children = (
			);
			path = Goods;
			sourceTree = "<group>";
		};
		9E88ED0520FB3B0600DF091F /* View */ = {
			isa = PBXGroup;
			children = (
				9E523E8A210D52BC00CF921F /* PagingMenuController */,
				9E523E33210616E600CF921F /* Manage */,
				9E88ED3320FCE8DB00DF091F /* Member */,
				9E88ED3020FCE1EE00DF091F /* Component */,
				9E88ED1820FB40F400DF091F /* SecondGrade */,
				9E88ED1720FB40DE00DF091F /* Home */,
				9E29031A20F7B99800F11C63 /* ViewController.swift */,
				9E523DE72102E46900CF921F /* BaseViewController.swift */,
				9E523DFD2104661400CF921F /* GuideViewController.swift */,
				9E523E0121047F7700CF921F /* IntroductionViewController.swift */,
				9E523E3621074E8200CF921F /* BaseNavigationController.swift */,
			);
			path = View;
			sourceTree = "<group>";
		};
		9E88ED0A20FB3B6300DF091F /* Extensions */ = {
			isa = PBXGroup;
			children = (
				2CEA8C48212A500600004AE6 /* UIImage */,
				9E523DEB21045F3300CF921F /* ThirdParty */,
				9E88ED2820FB721700DF091F /* UIColor */,
				9E88ED2120FB52D300DF091F /* TableView */,
				9E88ED0E20FB3B7700DF091F /* Observable+ObjectMapper.swift */,
				9E88ED0C20FB3B7600DF091F /* ObservableType+ObjectMapper.swift */,
				9E88ED0B20FB3B7600DF091F /* Response+ObjectMapper.swift */,
				9E88ED0D20FB3B7600DF091F /* Single+ObjectMapper.swift */,
				9E523DFF21047E7900CF921F /* UserDefaults.swift */,
				9E523E9921127EC800CF921F /* UIView-Extensions.swift */,
			);
			path = Extensions;
			sourceTree = "<group>";
		};
		9E88ED1720FB40DE00DF091F /* Home */ = {
			isa = PBXGroup;
			children = (
				9E88ED1920FB41F800DF091F /* HomeViewController.swift */,
				9E88ED1B20FB462600DF091F /* OrderTableViewController.swift */,
				9E88ED1D20FB464B00DF091F /* GoodTableViewController.swift */,
				9E88ED1F20FB469000DF091F /* StatisticViewController.swift */,
				9E523E88210D449300CF921F /* OrderViewController.swift */,
				9E523E8D210D537B00CF921F /* GoodViewController.swift */,
				2CC1319221114279004C8097 /* SearchViewController.swift */,
				2CBF4901212294A200199C1D /* CameraViewController.swift */,
				9EE26B78212B0BE000619D98 /* HomeNavigationViewController.swift */,
				9EE26B7A212B0CA400619D98 /* HomeReportViewController.swift */,
				9EE26B7C212B14F200619D98 /* HomeChartsViewController.swift */,
			);
			path = Home;
			sourceTree = "<group>";
		};
		9E88ED1820FB40F400DF091F /* SecondGrade */ = {
			isa = PBXGroup;
			children = (
				2CE96F19211C0CBE00B4CE5A /* SearchResult */,
				9E88ED2420FB53AE00DF091F /* OrderDetailViewController.swift */,
				2C2BD1CB21279ED300F6C6C3 /* GoodDetailViewController.swift */,
			);
			path = SecondGrade;
			sourceTree = "<group>";
		};
		9E88ED2120FB52D300DF091F /* TableView */ = {
			isa = PBXGroup;
			children = (
				9E88ED2220FB530200DF091F /* SearchBar.swift */,
			);
			path = TableView;
			sourceTree = "<group>";
		};
		9E88ED2820FB721700DF091F /* UIColor */ = {
			isa = PBXGroup;
			children = (
				9E88ED2920FB723600DF091F /* UIColor.swift */,
			);
			path = UIColor;
			sourceTree = "<group>";
		};
		9E88ED2B20FB8C1D00DF091F /* Helper */ = {
			isa = PBXGroup;
			children = (
				9E88ED2C20FB8C7900DF091F /* Specs.swift */,
				9E88ED2E20FBA90C00DF091F /* HelperCommon.swift */,
				2C7FAC6B2100547A004AEC10 /* Cookie.swift */,
				2CBF49032122A3B800199C1D /* QRCode.swift */,
			);
			path = Helper;
			sourceTree = "<group>";
		};
		9E88ED3020FCE1EE00DF091F /* Component */ = {
			isa = PBXGroup;
			children = (
				9E88ED3120FCE21000DF091F /* TableViewCell.swift */,
				9E523E652108C5D400CF921F /* NotifyTableViewCell.swift */,
				9E523E662108C5D400CF921F /* NotifyTableViewCell.xib */,
				9E523E6B2109401F00CF921F /* SwitchTableViewCell.swift */,
				9E523E6C2109401F00CF921F /* SwitchTableViewCell.xib */,
				9E523E6F210A241500CF921F /* ImageRightTableViewCell.swift */,
				9E523E70210A241500CF921F /* ImageRightTableViewCell.xib */,
				2CEA8C4B212AB17400004AE6 /* HomeCollectionViewCell.swift */,
			);
			path = Component;
			sourceTree = "<group>";
		};
		9E88ED3320FCE8DB00DF091F /* Member */ = {
			isa = PBXGroup;
			children = (
				9E523E3821076B0400CF921F /* Personal */,
				9E88ED3420FCE95600DF091F /* MemberBaseViewController.swift */,
				9E88ED4020FE61CD00DF091F /* ResetPwdViewController.swift */,
				9E88ED3620FCE9C400DF091F /* MemberViewController.swift */,
				9E88ED3E20FE5D2C00DF091F /* LoginViewController.swift */,
				9E88ED4220FE624D00DF091F /* RegisterViewController.swift */,
				9E88ED4420FE63AE00DF091F /* ForgotPwdViewController.swift */,
				9E523DDF20FEB4F100CF921F /* ProtocolPageViewController.swift */,
				9E523E76210BF53F00CF921F /* RegisteringViewController.swift */,
				9E523E78210C13D800CF921F /* LoginingViewController.swift */,
				9E523E7A210C238400CF921F /* ForgetViewController.swift */,
				9E523E7C210C23CF00CF921F /* ResetViewController.swift */,
			);
			path = Member;
			sourceTree = "<group>";
		};
		9EE26B4921247C3600619D98 /* ZHQRCode */ = {
			isa = PBXGroup;
			children = (
				9EE26B4B21247C5B00619D98 /* View */,
				9EE26B4A21247C5100619D98 /* Config */,
				9EE26B5021248C2000619D98 /* ZHQRCodeViewController.swift */,
				2C5AC3EE21256AE3002FFC80 /* ZHQRCode.bundle */,
			);
			path = ZHQRCode;
			sourceTree = "<group>";
		};
		9EE26B4A21247C5100619D98 /* Config */ = {
			isa = PBXGroup;
			children = (
				9EE26B4C21247C7500619D98 /* ZHQRCodeConfig.swift */,
				9EE26B4E21247C8C00619D98 /* ZHQRcodeManager.swift */,
			);
			path = Config;
			sourceTree = "<group>";
		};
		9EE26B4B21247C5B00619D98 /* View */ = {
			isa = PBXGroup;
			children = (
				2C5AC3EC2125695F002FFC80 /* ZHScannerView.swift */,
			);
			path = View;
			sourceTree = "<group>";
		};
		DF0678E1C24A1C6B44D879C4 /* Pods */ = {
			isa = PBXGroup;
			children = (
				8BD4B1E4B718B1C487039245 /* Pods-ZHERP.debug.xcconfig */,
				829D37B56E7E23231666AB1E /* Pods-ZHERP.release.xcconfig */,
				0953297FAA824E19B8F904F9 /* Pods-ZHERPTests.debug.xcconfig */,
				A20BF83E3F3D312627719EFA /* Pods-ZHERPTests.release.xcconfig */,
				30C77E137814C4E429C7FF16 /* Pods-ZHERPUITests.debug.xcconfig */,
				9F01564B284FE65EC6264542 /* Pods-ZHERPUITests.release.xcconfig */,
			);
			name = Pods;
			sourceTree = "<group>";
		};
/* End PBXGroup section */

/* Begin PBXNativeTarget section */
		9E29031420F7B99800F11C63 /* ZHERP */ = {
			isa = PBXNativeTarget;
			buildConfigurationList = 9E29033D20F7B99C00F11C63 /* Build configuration list for PBXNativeTarget "ZHERP" */;
			buildPhases = (
				5CCDF0D8FE2A9AA360C04A11 /* [CP] Check Pods Manifest.lock */,
				9E29031120F7B99800F11C63 /* Sources */,
				9E29031220F7B99800F11C63 /* Frameworks */,
				9E29031320F7B99800F11C63 /* Resources */,
				C744670E2E77C176CDE188A5 /* [CP] Embed Pods Frameworks */,
			);
			buildRules = (
			);
			dependencies = (
			);
			name = ZHERP;
			productName = ZHERP;
			productReference = 9E29031520F7B99800F11C63 /* ZHERP.app */;
			productType = "com.apple.product-type.application";
		};
		9E29032820F7B99B00F11C63 /* ZHERPTests */ = {
			isa = PBXNativeTarget;
			buildConfigurationList = 9E29034020F7B99C00F11C63 /* Build configuration list for PBXNativeTarget "ZHERPTests" */;
			buildPhases = (
				DB59897E42F8620E2F3F49F7 /* [CP] Check Pods Manifest.lock */,
				9E29032520F7B99B00F11C63 /* Sources */,
				9E29032620F7B99B00F11C63 /* Frameworks */,
				9E29032720F7B99B00F11C63 /* Resources */,
			);
			buildRules = (
			);
			dependencies = (
				9E29032B20F7B99B00F11C63 /* PBXTargetDependency */,
			);
			name = ZHERPTests;
			productName = ZHERPTests;
			productReference = 9E29032920F7B99B00F11C63 /* ZHERPTests.xctest */;
			productType = "com.apple.product-type.bundle.unit-test";
		};
		9E29033320F7B99C00F11C63 /* ZHERPUITests */ = {
			isa = PBXNativeTarget;
			buildConfigurationList = 9E29034320F7B99C00F11C63 /* Build configuration list for PBXNativeTarget "ZHERPUITests" */;
			buildPhases = (
				93264AC6728B7ECF88FD1F09 /* [CP] Check Pods Manifest.lock */,
				9E29033020F7B99C00F11C63 /* Sources */,
				9E29033120F7B99C00F11C63 /* Frameworks */,
				9E29033220F7B99C00F11C63 /* Resources */,
			);
			buildRules = (
			);
			dependencies = (
				9E29033620F7B99C00F11C63 /* PBXTargetDependency */,
			);
			name = ZHERPUITests;
			productName = ZHERPUITests;
			productReference = 9E29033420F7B99C00F11C63 /* ZHERPUITests.xctest */;
			productType = "com.apple.product-type.bundle.ui-testing";
		};
/* End PBXNativeTarget section */

/* Begin PBXProject section */
		9E29030D20F7B99800F11C63 /* Project object */ = {
			isa = PBXProject;
			attributes = {
				LastSwiftUpdateCheck = 0940;
				LastUpgradeCheck = 0940;
				ORGANIZATIONNAME = MrParker;
				TargetAttributes = {
					9E29031420F7B99800F11C63 = {
						CreatedOnToolsVersion = 9.4.1;
						LastSwiftMigration = 0940;
					};
					9E29032820F7B99B00F11C63 = {
						CreatedOnToolsVersion = 9.4.1;
						TestTargetID = 9E29031420F7B99800F11C63;
					};
					9E29033320F7B99C00F11C63 = {
						CreatedOnToolsVersion = 9.4.1;
						TestTargetID = 9E29031420F7B99800F11C63;
					};
				};
			};
			buildConfigurationList = 9E29031020F7B99800F11C63 /* Build configuration list for PBXProject "ZHERP" */;
			compatibilityVersion = "Xcode 9.3";
			developmentRegion = en;
			hasScannedForEncodings = 0;
			knownRegions = (
				en,
				Base,
			);
			mainGroup = 9E29030C20F7B99800F11C63;
			productRefGroup = 9E29031620F7B99800F11C63 /* Products */;
			projectDirPath = "";
			projectRoot = "";
			targets = (
				9E29031420F7B99800F11C63 /* ZHERP */,
				9E29032820F7B99B00F11C63 /* ZHERPTests */,
				9E29033320F7B99C00F11C63 /* ZHERPUITests */,
			);
		};
/* End PBXProject section */

/* Begin PBXResourcesBuildPhase section */
		9E29031320F7B99800F11C63 /* Resources */ = {
			isa = PBXResourcesBuildPhase;
			buildActionMask = 2147483647;
			files = (
				2C5AC3EF21256AE3002FFC80 /* ZHQRCode.bundle in Resources */,
				9E523E2F2104D7CE00CF921F /* adImage4.gif in Resources */,
				9E523E2E2104D7CE00CF921F /* guideImage3.jpg in Resources */,
				9E523DFB2104615700CF921F /* 1.mp4 in Resources */,
				9E523DFA2104615700CF921F /* guideImage8.gif in Resources */,
				9E523E682108C5D400CF921F /* NotifyTableViewCell.xib in Resources */,
				9E29032320F7B99B00F11C63 /* LaunchScreen.storyboard in Resources */,
				9E523E2D2104D7CE00CF921F /* guideImage4.jpg in Resources */,
				9E523DFC2104615800CF921F /* guideImage7.gif in Resources */,
				9E523DF3210460B600CF921F /* guide_btn_bg@2x.png in Resources */,
				9E523E2C2104D7CE00CF921F /* shopping.gif in Resources */,
				9E523DEA21034B2000CF921F /* Assets.xcassets in Resources */,
				9E523E72210A241500CF921F /* ImageRightTableViewCell.xib in Resources */,
				9E523E9E2119DF2100CF921F /* OrderTableViewCell.xib in Resources */,
				9E523E2A2104D7CE00CF921F /* guideImage5.jpg in Resources */,
				9E523E2B2104D7CE00CF921F /* guideImage7.gif in Resources */,
				9E523E6E2109401F00CF921F /* SwitchTableViewCell.xib in Resources */,
				9E523DF92104615700CF921F /* guideImage6.gif in Resources */,
				9E29031E20F7B99800F11C63 /* Main.storyboard in Resources */,
			);
			runOnlyForDeploymentPostprocessing = 0;
		};
		9E29032720F7B99B00F11C63 /* Resources */ = {
			isa = PBXResourcesBuildPhase;
			buildActionMask = 2147483647;
			files = (
			);
			runOnlyForDeploymentPostprocessing = 0;
		};
		9E29033220F7B99C00F11C63 /* Resources */ = {
			isa = PBXResourcesBuildPhase;
			buildActionMask = 2147483647;
			files = (
			);
			runOnlyForDeploymentPostprocessing = 0;
		};
/* End PBXResourcesBuildPhase section */

/* Begin PBXShellScriptBuildPhase section */
		5CCDF0D8FE2A9AA360C04A11 /* [CP] Check Pods Manifest.lock */ = {
			isa = PBXShellScriptBuildPhase;
			buildActionMask = 2147483647;
			files = (
			);
			inputPaths = (
				"${PODS_PODFILE_DIR_PATH}/Podfile.lock",
				"${PODS_ROOT}/Manifest.lock",
			);
			name = "[CP] Check Pods Manifest.lock";
			outputPaths = (
				"$(DERIVED_FILE_DIR)/Pods-ZHERP-checkManifestLockResult.txt",
			);
			runOnlyForDeploymentPostprocessing = 0;
			shellPath = /bin/sh;
			shellScript = "diff \"${PODS_PODFILE_DIR_PATH}/Podfile.lock\" \"${PODS_ROOT}/Manifest.lock\" > /dev/null\nif [ $? != 0 ] ; then\n    # print error to STDERR\n    echo \"error: The sandbox is not in sync with the Podfile.lock. Run 'pod install' or update your CocoaPods installation.\" >&2\n    exit 1\nfi\n# This output is used by Xcode 'outputs' to avoid re-running this script phase.\necho \"SUCCESS\" > \"${SCRIPT_OUTPUT_FILE_0}\"\n";
			showEnvVarsInLog = 0;
		};
		93264AC6728B7ECF88FD1F09 /* [CP] Check Pods Manifest.lock */ = {
			isa = PBXShellScriptBuildPhase;
			buildActionMask = 2147483647;
			files = (
			);
			inputPaths = (
				"${PODS_PODFILE_DIR_PATH}/Podfile.lock",
				"${PODS_ROOT}/Manifest.lock",
			);
			name = "[CP] Check Pods Manifest.lock";
			outputPaths = (
				"$(DERIVED_FILE_DIR)/Pods-ZHERPUITests-checkManifestLockResult.txt",
			);
			runOnlyForDeploymentPostprocessing = 0;
			shellPath = /bin/sh;
			shellScript = "diff \"${PODS_PODFILE_DIR_PATH}/Podfile.lock\" \"${PODS_ROOT}/Manifest.lock\" > /dev/null\nif [ $? != 0 ] ; then\n    # print error to STDERR\n    echo \"error: The sandbox is not in sync with the Podfile.lock. Run 'pod install' or update your CocoaPods installation.\" >&2\n    exit 1\nfi\n# This output is used by Xcode 'outputs' to avoid re-running this script phase.\necho \"SUCCESS\" > \"${SCRIPT_OUTPUT_FILE_0}\"\n";
			showEnvVarsInLog = 0;
		};
		C744670E2E77C176CDE188A5 /* [CP] Embed Pods Frameworks */ = {
			isa = PBXShellScriptBuildPhase;
			buildActionMask = 2147483647;
			files = (
			);
			inputPaths = (
				"${SRCROOT}/Pods/Target Support Files/Pods-ZHERP/Pods-ZHERP-frameworks.sh",
				"${BUILT_PRODUCTS_DIR}/Alamofire/Alamofire.framework",
				"${BUILT_PRODUCTS_DIR}/BTNavigationDropdownMenu/BTNavigationDropdownMenu.framework",
				"${BUILT_PRODUCTS_DIR}/Charts/Charts.framework",
				"${BUILT_PRODUCTS_DIR}/MJRefresh/MJRefresh.framework",
				"${BUILT_PRODUCTS_DIR}/Moya/Moya.framework",
				"${BUILT_PRODUCTS_DIR}/Moya-Decodable/Moya_Decodable.framework",
				"${BUILT_PRODUCTS_DIR}/Moya-ObjectMapper/Moya_ObjectMapper.framework",
				"${BUILT_PRODUCTS_DIR}/ObjectMapper/ObjectMapper.framework",
				"${BUILT_PRODUCTS_DIR}/PagingMenuController/PagingMenuController.framework",
				"${BUILT_PRODUCTS_DIR}/Result/Result.framework",
				"${BUILT_PRODUCTS_DIR}/RxCocoa/RxCocoa.framework",
				"${BUILT_PRODUCTS_DIR}/RxFlow/RxFlow.framework",
				"${BUILT_PRODUCTS_DIR}/RxSwift/RxSwift.framework",
				"${BUILT_PRODUCTS_DIR}/SCLAlertView/SCLAlertView.framework",
				"${BUILT_PRODUCTS_DIR}/SnapKit/SnapKit.framework",
				"${BUILT_PRODUCTS_DIR}/SwiftFCXRefresh/SwiftFCXRefresh.framework",
				"${BUILT_PRODUCTS_DIR}/SwiftyJSON/SwiftyJSON.framework",
			);
			name = "[CP] Embed Pods Frameworks";
			outputPaths = (
				"${TARGET_BUILD_DIR}/${FRAMEWORKS_FOLDER_PATH}/Alamofire.framework",
				"${TARGET_BUILD_DIR}/${FRAMEWORKS_FOLDER_PATH}/BTNavigationDropdownMenu.framework",
				"${TARGET_BUILD_DIR}/${FRAMEWORKS_FOLDER_PATH}/Charts.framework",
				"${TARGET_BUILD_DIR}/${FRAMEWORKS_FOLDER_PATH}/MJRefresh.framework",
				"${TARGET_BUILD_DIR}/${FRAMEWORKS_FOLDER_PATH}/Moya.framework",
				"${TARGET_BUILD_DIR}/${FRAMEWORKS_FOLDER_PATH}/Moya_Decodable.framework",
				"${TARGET_BUILD_DIR}/${FRAMEWORKS_FOLDER_PATH}/Moya_ObjectMapper.framework",
				"${TARGET_BUILD_DIR}/${FRAMEWORKS_FOLDER_PATH}/ObjectMapper.framework",
				"${TARGET_BUILD_DIR}/${FRAMEWORKS_FOLDER_PATH}/PagingMenuController.framework",
				"${TARGET_BUILD_DIR}/${FRAMEWORKS_FOLDER_PATH}/Result.framework",
				"${TARGET_BUILD_DIR}/${FRAMEWORKS_FOLDER_PATH}/RxCocoa.framework",
				"${TARGET_BUILD_DIR}/${FRAMEWORKS_FOLDER_PATH}/RxFlow.framework",
				"${TARGET_BUILD_DIR}/${FRAMEWORKS_FOLDER_PATH}/RxSwift.framework",
				"${TARGET_BUILD_DIR}/${FRAMEWORKS_FOLDER_PATH}/SCLAlertView.framework",
				"${TARGET_BUILD_DIR}/${FRAMEWORKS_FOLDER_PATH}/SnapKit.framework",
				"${TARGET_BUILD_DIR}/${FRAMEWORKS_FOLDER_PATH}/SwiftFCXRefresh.framework",
				"${TARGET_BUILD_DIR}/${FRAMEWORKS_FOLDER_PATH}/SwiftyJSON.framework",
			);
			runOnlyForDeploymentPostprocessing = 0;
			shellPath = /bin/sh;
			shellScript = "\"${SRCROOT}/Pods/Target Support Files/Pods-ZHERP/Pods-ZHERP-frameworks.sh\"\n";
			showEnvVarsInLog = 0;
		};
		DB59897E42F8620E2F3F49F7 /* [CP] Check Pods Manifest.lock */ = {
			isa = PBXShellScriptBuildPhase;
			buildActionMask = 2147483647;
			files = (
			);
			inputPaths = (
				"${PODS_PODFILE_DIR_PATH}/Podfile.lock",
				"${PODS_ROOT}/Manifest.lock",
			);
			name = "[CP] Check Pods Manifest.lock";
			outputPaths = (
				"$(DERIVED_FILE_DIR)/Pods-ZHERPTests-checkManifestLockResult.txt",
			);
			runOnlyForDeploymentPostprocessing = 0;
			shellPath = /bin/sh;
			shellScript = "diff \"${PODS_PODFILE_DIR_PATH}/Podfile.lock\" \"${PODS_ROOT}/Manifest.lock\" > /dev/null\nif [ $? != 0 ] ; then\n    # print error to STDERR\n    echo \"error: The sandbox is not in sync with the Podfile.lock. Run 'pod install' or update your CocoaPods installation.\" >&2\n    exit 1\nfi\n# This output is used by Xcode 'outputs' to avoid re-running this script phase.\necho \"SUCCESS\" > \"${SCRIPT_OUTPUT_FILE_0}\"\n";
			showEnvVarsInLog = 0;
		};
/* End PBXShellScriptBuildPhase section */

/* Begin PBXSourcesBuildPhase section */
		9E29031120F7B99800F11C63 /* Sources */ = {
			isa = PBXSourcesBuildPhase;
			buildActionMask = 2147483647;
			files = (
				9E523E422107EB3600CF921F /* TestViewController.swift in Sources */,
				9E523E74210A379500CF921F /* EditAvatarViewController.swift in Sources */,
				9E88ED4320FE624D00DF091F /* RegisterViewController.swift in Sources */,
				9E523E87210CCF5400CF921F /* ZHSearchController.swift in Sources */,
				9E88ED1E20FB464B00DF091F /* GoodTableViewController.swift in Sources */,
				2C2BD1CC21279ED300F6C6C3 /* GoodDetailViewController.swift in Sources */,
				9E88ED0F20FB3B7700DF091F /* Response+ObjectMapper.swift in Sources */,
				9E88ED3720FCE9C400DF091F /* MemberViewController.swift in Sources */,
				9E523E322104DA1000CF921F /* GifImageOperation.swift in Sources */,
				9E523E9A21127EC800CF921F /* UIView-Extensions.swift in Sources */,
				2CBF49042122A3B800199C1D /* QRCode.swift in Sources */,
				9E523E672108C5D400CF921F /* NotifyTableViewCell.swift in Sources */,
				9E523E8E210D537B00CF921F /* GoodViewController.swift in Sources */,
				9E523EA1211B42A800CF921F /* bridge.m in Sources */,
				9E88ED4120FE61CE00DF091F /* ResetPwdViewController.swift in Sources */,
				9E88ED1120FB3B7700DF091F /* Single+ObjectMapper.swift in Sources */,
				9E523E7D210C23CF00CF921F /* ResetViewController.swift in Sources */,
				9E88ED2520FB53AE00DF091F /* OrderDetailViewController.swift in Sources */,
				9E523E7B210C238400CF921F /* ForgetViewController.swift in Sources */,
				2CC9036B210855B60083D70C /* SystemViewController.swift in Sources */,
				9E523E3E2107819000CF921F /* EditPersonalViewController.swift in Sources */,
				9E523E3721074E8200CF921F /* BaseNavigationController.swift in Sources */,
				9E523DE82102E46900CF921F /* BaseViewController.swift in Sources */,
				2C7FAC6C2100547A004AEC10 /* Cookie.swift in Sources */,
				9EE26B5121248C2000619D98 /* ZHQRCodeViewController.swift in Sources */,
				9E29031B20F7B99800F11C63 /* ViewController.swift in Sources */,
				9EE26B7D212B14F200619D98 /* HomeChartsViewController.swift in Sources */,
				9E523E79210C13D800CF921F /* LoginingViewController.swift in Sources */,
				2CBF4902212294A300199C1D /* CameraViewController.swift in Sources */,
				2CE96F1B211C0D0700B4CE5A /* OrderSearchResultViewController.swift in Sources */,
				9EE26B79212B0BE000619D98 /* HomeNavigationViewController.swift in Sources */,
				9E523DF4210460B600CF921F /* UIImage+GIF.swift in Sources */,
				9E523DE020FEB4F100CF921F /* ProtocolPageViewController.swift in Sources */,
				9E523E89210D449300CF921F /* OrderViewController.swift in Sources */,
				9E523DFE2104661400CF921F /* GuideViewController.swift in Sources */,
				9E88ED4520FE63AE00DF091F /* ForgotPwdViewController.swift in Sources */,
				9E523E7F210C5B3000CF921F /* EditQRCodeViewController.swift in Sources */,
				9E523E92210D543F00CF921F /* OrderPayViewController.swift in Sources */,
				9E523E85210CCEB000CF921F /* Common.swift in Sources */,
				9E88ED3220FCE21000DF091F /* TableViewCell.swift in Sources */,
				9E523DE62100E21000CF921F /* RegisterVM.swift in Sources */,
				9E523E402107E99E00CF921F /* NotifyViewController.swift in Sources */,
				9E523E6D2109401F00CF921F /* SwitchTableViewCell.swift in Sources */,
				9E523E96210D546400CF921F /* OrderCloseViewController.swift in Sources */,
				9E88ED2720FB576200DF091F /* Candy.swift in Sources */,
				9E523DF2210460B600CF921F /* HHGuidePageHUD.swift in Sources */,
				9E88ED2A20FB723600DF091F /* UIColor.swift in Sources */,
				9E88ED1420FB3B9300DF091F /* Post.swift in Sources */,
				9E88ED1220FB3B7700DF091F /* Observable+ObjectMapper.swift in Sources */,
				9E88ED1A20FB41F800DF091F /* HomeViewController.swift in Sources */,
				9E523E90210D540900CF921F /* OrderAllViewController.swift in Sources */,
				9E88ED2320FB530200DF091F /* SearchBar.swift in Sources */,
				9E523E77210BF53F00CF921F /* RegisteringViewController.swift in Sources */,
				9EE26B7B212B0CA400619D98 /* HomeReportViewController.swift in Sources */,
				9E523E3C2107708600CF921F /* Personal.swift in Sources */,
				9E88ED1020FB3B7700DF091F /* ObservableType+ObjectMapper.swift in Sources */,
				9E88ED3920FCEA4500DF091F /* Member.swift in Sources */,
				9E523DE22100DD0500CF921F /* Protocol.swift in Sources */,
				9E88ED3520FCE95600DF091F /* MemberBaseViewController.swift in Sources */,
				9E88ED2D20FB8C7900DF091F /* Specs.swift in Sources */,
				9E523E0221047F7700CF921F /* IntroductionViewController.swift in Sources */,
				9E523E94210D544E00CF921F /* OrderUnpayViewController.swift in Sources */,
				2CEA8C4C212AB17500004AE6 /* HomeCollectionViewCell.swift in Sources */,
				9E88ED2020FB469000DF091F /* StatisticViewController.swift in Sources */,
				9E523E98210D548500CF921F /* OrderCompleteViewController.swift in Sources */,
				2CC1319321114279004C8097 /* SearchViewController.swift in Sources */,
				9E29031920F7B99800F11C63 /* AppDelegate.swift in Sources */,
				9E523DE42100DDA900CF921F /* Service.swift in Sources */,
				9E88ED2F20FBA90C00DF091F /* HelperCommon.swift in Sources */,
				2CEA8C4A212A503E00004AE6 /* UIImage-Extensions.swift in Sources */,
				9E523E0021047E7900CF921F /* UserDefaults.swift in Sources */,
				9EE26B4D21247C7500619D98 /* ZHQRCodeConfig.swift in Sources */,
				9E88ED3B20FCEC5100DF091F /* MemberMenus.swift in Sources */,
				9E523E71210A241500CF921F /* ImageRightTableViewCell.swift in Sources */,
				9EE26B4F21247C8C00619D98 /* ZHQRcodeManager.swift in Sources */,
				2C5AC3ED2125695F002FFC80 /* ZHScannerView.swift in Sources */,
				9E88ED1620FB3BA500DF091F /* PostProvider.swift in Sources */,
				9E523E6A2108D54600CF921F /* NoDisturbingViewController.swift in Sources */,
				9E88ED1C20FB462600DF091F /* OrderTableViewController.swift in Sources */,
				9E523E352106170000CF921F /* SettingViewController.swift in Sources */,
				9E523E9D2119DF2100CF921F /* OrderTableViewCell.swift in Sources */,
				9E523E3A21076B3C00CF921F /* PersonalViewController.swift in Sources */,
				9E88ED3F20FE5D2C00DF091F /* LoginViewController.swift in Sources */,
				9E88ED0720FB3B3800DF091F /* PostAPI.swift in Sources */,
			);
			runOnlyForDeploymentPostprocessing = 0;
		};
		9E29032520F7B99B00F11C63 /* Sources */ = {
			isa = PBXSourcesBuildPhase;
			buildActionMask = 2147483647;
			files = (
				9E29032E20F7B99B00F11C63 /* ZHERPTests.swift in Sources */,
			);
			runOnlyForDeploymentPostprocessing = 0;
		};
		9E29033020F7B99C00F11C63 /* Sources */ = {
			isa = PBXSourcesBuildPhase;
			buildActionMask = 2147483647;
			files = (
				9E29033920F7B99C00F11C63 /* ZHERPUITests.swift in Sources */,
			);
			runOnlyForDeploymentPostprocessing = 0;
		};
/* End PBXSourcesBuildPhase section */

/* Begin PBXTargetDependency section */
		9E29032B20F7B99B00F11C63 /* PBXTargetDependency */ = {
			isa = PBXTargetDependency;
			target = 9E29031420F7B99800F11C63 /* ZHERP */;
			targetProxy = 9E29032A20F7B99B00F11C63 /* PBXContainerItemProxy */;
		};
		9E29033620F7B99C00F11C63 /* PBXTargetDependency */ = {
			isa = PBXTargetDependency;
			target = 9E29031420F7B99800F11C63 /* ZHERP */;
			targetProxy = 9E29033520F7B99C00F11C63 /* PBXContainerItemProxy */;
		};
/* End PBXTargetDependency section */

/* Begin PBXVariantGroup section */
		9E29031C20F7B99800F11C63 /* Main.storyboard */ = {
			isa = PBXVariantGroup;
			children = (
				9E29031D20F7B99800F11C63 /* Base */,
			);
			name = Main.storyboard;
			sourceTree = "<group>";
		};
		9E29032120F7B99B00F11C63 /* LaunchScreen.storyboard */ = {
			isa = PBXVariantGroup;
			children = (
				9E29032220F7B99B00F11C63 /* Base */,
			);
			name = LaunchScreen.storyboard;
			sourceTree = "<group>";
		};
/* End PBXVariantGroup section */

/* Begin XCBuildConfiguration section */
		9E29033B20F7B99C00F11C63 /* Debug */ = {
			isa = XCBuildConfiguration;
			buildSettings = {
				ALWAYS_SEARCH_USER_PATHS = NO;
				CLANG_ANALYZER_NONNULL = YES;
				CLANG_ANALYZER_NUMBER_OBJECT_CONVERSION = YES_AGGRESSIVE;
				CLANG_CXX_LANGUAGE_STANDARD = "gnu++14";
				CLANG_CXX_LIBRARY = "libc++";
				CLANG_ENABLE_MODULES = YES;
				CLANG_ENABLE_OBJC_ARC = YES;
				CLANG_ENABLE_OBJC_WEAK = YES;
				CLANG_WARN_BLOCK_CAPTURE_AUTORELEASING = YES;
				CLANG_WARN_BOOL_CONVERSION = YES;
				CLANG_WARN_COMMA = YES;
				CLANG_WARN_CONSTANT_CONVERSION = YES;
				CLANG_WARN_DEPRECATED_OBJC_IMPLEMENTATIONS = YES;
				CLANG_WARN_DIRECT_OBJC_ISA_USAGE = YES_ERROR;
				CLANG_WARN_DOCUMENTATION_COMMENTS = YES;
				CLANG_WARN_EMPTY_BODY = YES;
				CLANG_WARN_ENUM_CONVERSION = YES;
				CLANG_WARN_INFINITE_RECURSION = YES;
				CLANG_WARN_INT_CONVERSION = YES;
				CLANG_WARN_NON_LITERAL_NULL_CONVERSION = YES;
				CLANG_WARN_OBJC_IMPLICIT_RETAIN_SELF = YES;
				CLANG_WARN_OBJC_LITERAL_CONVERSION = YES;
				CLANG_WARN_OBJC_ROOT_CLASS = YES_ERROR;
				CLANG_WARN_RANGE_LOOP_ANALYSIS = YES;
				CLANG_WARN_STRICT_PROTOTYPES = YES;
				CLANG_WARN_SUSPICIOUS_MOVE = YES;
				CLANG_WARN_UNGUARDED_AVAILABILITY = YES_AGGRESSIVE;
				CLANG_WARN_UNREACHABLE_CODE = YES;
				CLANG_WARN__DUPLICATE_METHOD_MATCH = YES;
				CODE_SIGN_IDENTITY = "iPhone Developer";
				COPY_PHASE_STRIP = NO;
				DEBUG_INFORMATION_FORMAT = dwarf;
				ENABLE_STRICT_OBJC_MSGSEND = YES;
				ENABLE_TESTABILITY = YES;
				GCC_C_LANGUAGE_STANDARD = gnu11;
				GCC_DYNAMIC_NO_PIC = NO;
				GCC_NO_COMMON_BLOCKS = YES;
				GCC_OPTIMIZATION_LEVEL = 0;
				GCC_PREPROCESSOR_DEFINITIONS = (
					"DEBUG=1",
					"$(inherited)",
				);
				GCC_WARN_64_TO_32_BIT_CONVERSION = YES;
				GCC_WARN_ABOUT_RETURN_TYPE = YES_ERROR;
				GCC_WARN_UNDECLARED_SELECTOR = YES;
				GCC_WARN_UNINITIALIZED_AUTOS = YES_AGGRESSIVE;
				GCC_WARN_UNUSED_FUNCTION = YES;
				GCC_WARN_UNUSED_VARIABLE = YES;
				IPHONEOS_DEPLOYMENT_TARGET = 11.4;
				MTL_ENABLE_DEBUG_INFO = YES;
				ONLY_ACTIVE_ARCH = YES;
				SDKROOT = iphoneos;
				SWIFT_ACTIVE_COMPILATION_CONDITIONS = DEBUG;
				SWIFT_OPTIMIZATION_LEVEL = "-Onone";
			};
			name = Debug;
		};
		9E29033C20F7B99C00F11C63 /* Release */ = {
			isa = XCBuildConfiguration;
			buildSettings = {
				ALWAYS_SEARCH_USER_PATHS = NO;
				CLANG_ANALYZER_NONNULL = YES;
				CLANG_ANALYZER_NUMBER_OBJECT_CONVERSION = YES_AGGRESSIVE;
				CLANG_CXX_LANGUAGE_STANDARD = "gnu++14";
				CLANG_CXX_LIBRARY = "libc++";
				CLANG_ENABLE_MODULES = YES;
				CLANG_ENABLE_OBJC_ARC = YES;
				CLANG_ENABLE_OBJC_WEAK = YES;
				CLANG_WARN_BLOCK_CAPTURE_AUTORELEASING = YES;
				CLANG_WARN_BOOL_CONVERSION = YES;
				CLANG_WARN_COMMA = YES;
				CLANG_WARN_CONSTANT_CONVERSION = YES;
				CLANG_WARN_DEPRECATED_OBJC_IMPLEMENTATIONS = YES;
				CLANG_WARN_DIRECT_OBJC_ISA_USAGE = YES_ERROR;
				CLANG_WARN_DOCUMENTATION_COMMENTS = YES;
				CLANG_WARN_EMPTY_BODY = YES;
				CLANG_WARN_ENUM_CONVERSION = YES;
				CLANG_WARN_INFINITE_RECURSION = YES;
				CLANG_WARN_INT_CONVERSION = YES;
				CLANG_WARN_NON_LITERAL_NULL_CONVERSION = YES;
				CLANG_WARN_OBJC_IMPLICIT_RETAIN_SELF = YES;
				CLANG_WARN_OBJC_LITERAL_CONVERSION = YES;
				CLANG_WARN_OBJC_ROOT_CLASS = YES_ERROR;
				CLANG_WARN_RANGE_LOOP_ANALYSIS = YES;
				CLANG_WARN_STRICT_PROTOTYPES = YES;
				CLANG_WARN_SUSPICIOUS_MOVE = YES;
				CLANG_WARN_UNGUARDED_AVAILABILITY = YES_AGGRESSIVE;
				CLANG_WARN_UNREACHABLE_CODE = YES;
				CLANG_WARN__DUPLICATE_METHOD_MATCH = YES;
				CODE_SIGN_IDENTITY = "iPhone Developer";
				COPY_PHASE_STRIP = NO;
				DEBUG_INFORMATION_FORMAT = "dwarf-with-dsym";
				ENABLE_NS_ASSERTIONS = NO;
				ENABLE_STRICT_OBJC_MSGSEND = YES;
				GCC_C_LANGUAGE_STANDARD = gnu11;
				GCC_NO_COMMON_BLOCKS = YES;
				GCC_WARN_64_TO_32_BIT_CONVERSION = YES;
				GCC_WARN_ABOUT_RETURN_TYPE = YES_ERROR;
				GCC_WARN_UNDECLARED_SELECTOR = YES;
				GCC_WARN_UNINITIALIZED_AUTOS = YES_AGGRESSIVE;
				GCC_WARN_UNUSED_FUNCTION = YES;
				GCC_WARN_UNUSED_VARIABLE = YES;
				IPHONEOS_DEPLOYMENT_TARGET = 11.4;
				MTL_ENABLE_DEBUG_INFO = NO;
				SDKROOT = iphoneos;
				SWIFT_COMPILATION_MODE = wholemodule;
				SWIFT_OPTIMIZATION_LEVEL = "-O";
				VALIDATE_PRODUCT = YES;
			};
			name = Release;
		};
		9E29033E20F7B99C00F11C63 /* Debug */ = {
			isa = XCBuildConfiguration;
			baseConfigurationReference = 8BD4B1E4B718B1C487039245 /* Pods-ZHERP.debug.xcconfig */;
			buildSettings = {
				ASSETCATALOG_COMPILER_APPICON_NAME = AppIcon;
				ASSETCATALOG_COMPILER_LAUNCHIMAGE_NAME = LaunchImage;
				CLANG_ENABLE_MODULES = YES;
				CODE_SIGN_STYLE = Automatic;
				DEVELOPMENT_TEAM = X63G2JGQU7;
				INFOPLIST_FILE = ZHERP/Info.plist;
				IPHONEOS_DEPLOYMENT_TARGET = 10.0;
				LD_RUNPATH_SEARCH_PATHS = (
					"$(inherited)",
					"@executable_path/Frameworks",
				);
				PRODUCT_BUNDLE_IDENTIFIER = MrParker.ZHERP;
				PRODUCT_NAME = "$(TARGET_NAME)";
				SWIFT_OBJC_BRIDGING_HEADER = "ZHERP/Object-C/ZHERP-Bridging-Header.h";
				SWIFT_OPTIMIZATION_LEVEL = "-Onone";
				SWIFT_VERSION = 4.0;
				TARGETED_DEVICE_FAMILY = "1,2";
			};
			name = Debug;
		};
		9E29033F20F7B99C00F11C63 /* Release */ = {
			isa = XCBuildConfiguration;
			baseConfigurationReference = 829D37B56E7E23231666AB1E /* Pods-ZHERP.release.xcconfig */;
			buildSettings = {
				ASSETCATALOG_COMPILER_APPICON_NAME = AppIcon;
				ASSETCATALOG_COMPILER_LAUNCHIMAGE_NAME = LaunchImage;
				CLANG_ENABLE_MODULES = YES;
				CODE_SIGN_STYLE = Automatic;
				DEVELOPMENT_TEAM = X63G2JGQU7;
				INFOPLIST_FILE = ZHERP/Info.plist;
				IPHONEOS_DEPLOYMENT_TARGET = 10.0;
				LD_RUNPATH_SEARCH_PATHS = (
					"$(inherited)",
					"@executable_path/Frameworks",
				);
				PRODUCT_BUNDLE_IDENTIFIER = MrParker.ZHERP;
				PRODUCT_NAME = "$(TARGET_NAME)";
				SWIFT_OBJC_BRIDGING_HEADER = "ZHERP/Object-C/ZHERP-Bridging-Header.h";
				SWIFT_VERSION = 4.0;
				TARGETED_DEVICE_FAMILY = "1,2";
			};
			name = Release;
		};
		9E29034120F7B99C00F11C63 /* Debug */ = {
			isa = XCBuildConfiguration;
			baseConfigurationReference = 0953297FAA824E19B8F904F9 /* Pods-ZHERPTests.debug.xcconfig */;
			buildSettings = {
				ALWAYS_EMBED_SWIFT_STANDARD_LIBRARIES = YES;
				BUNDLE_LOADER = "$(TEST_HOST)";
				CODE_SIGN_STYLE = Automatic;
				INFOPLIST_FILE = ZHERPTests/Info.plist;
				LD_RUNPATH_SEARCH_PATHS = (
					"$(inherited)",
					"@executable_path/Frameworks",
					"@loader_path/Frameworks",
				);
				PRODUCT_BUNDLE_IDENTIFIER = MrParker.ZHERPTests;
				PRODUCT_NAME = "$(TARGET_NAME)";
				SWIFT_VERSION = 4.0;
				TARGETED_DEVICE_FAMILY = "1,2";
				TEST_HOST = "$(BUILT_PRODUCTS_DIR)/ZHERP.app/ZHERP";
			};
			name = Debug;
		};
		9E29034220F7B99C00F11C63 /* Release */ = {
			isa = XCBuildConfiguration;
			baseConfigurationReference = A20BF83E3F3D312627719EFA /* Pods-ZHERPTests.release.xcconfig */;
			buildSettings = {
				ALWAYS_EMBED_SWIFT_STANDARD_LIBRARIES = YES;
				BUNDLE_LOADER = "$(TEST_HOST)";
				CODE_SIGN_STYLE = Automatic;
				INFOPLIST_FILE = ZHERPTests/Info.plist;
				LD_RUNPATH_SEARCH_PATHS = (
					"$(inherited)",
					"@executable_path/Frameworks",
					"@loader_path/Frameworks",
				);
				PRODUCT_BUNDLE_IDENTIFIER = MrParker.ZHERPTests;
				PRODUCT_NAME = "$(TARGET_NAME)";
				SWIFT_VERSION = 4.0;
				TARGETED_DEVICE_FAMILY = "1,2";
				TEST_HOST = "$(BUILT_PRODUCTS_DIR)/ZHERP.app/ZHERP";
			};
			name = Release;
		};
		9E29034420F7B99C00F11C63 /* Debug */ = {
			isa = XCBuildConfiguration;
			baseConfigurationReference = 30C77E137814C4E429C7FF16 /* Pods-ZHERPUITests.debug.xcconfig */;
			buildSettings = {
				ALWAYS_EMBED_SWIFT_STANDARD_LIBRARIES = YES;
				CODE_SIGN_STYLE = Automatic;
				INFOPLIST_FILE = ZHERPUITests/Info.plist;
				LD_RUNPATH_SEARCH_PATHS = (
					"$(inherited)",
					"@executable_path/Frameworks",
					"@loader_path/Frameworks",
				);
				PRODUCT_BUNDLE_IDENTIFIER = MrParker.ZHERPUITests;
				PRODUCT_NAME = "$(TARGET_NAME)";
				SWIFT_VERSION = 4.0;
				TARGETED_DEVICE_FAMILY = "1,2";
				TEST_TARGET_NAME = ZHERP;
			};
			name = Debug;
		};
		9E29034520F7B99C00F11C63 /* Release */ = {
			isa = XCBuildConfiguration;
			baseConfigurationReference = 9F01564B284FE65EC6264542 /* Pods-ZHERPUITests.release.xcconfig */;
			buildSettings = {
				ALWAYS_EMBED_SWIFT_STANDARD_LIBRARIES = YES;
				CODE_SIGN_STYLE = Automatic;
				INFOPLIST_FILE = ZHERPUITests/Info.plist;
				LD_RUNPATH_SEARCH_PATHS = (
					"$(inherited)",
					"@executable_path/Frameworks",
					"@loader_path/Frameworks",
				);
				PRODUCT_BUNDLE_IDENTIFIER = MrParker.ZHERPUITests;
				PRODUCT_NAME = "$(TARGET_NAME)";
				SWIFT_VERSION = 4.0;
				TARGETED_DEVICE_FAMILY = "1,2";
				TEST_TARGET_NAME = ZHERP;
			};
			name = Release;
		};
/* End XCBuildConfiguration section */

/* Begin XCConfigurationList section */
		9E29031020F7B99800F11C63 /* Build configuration list for PBXProject "ZHERP" */ = {
			isa = XCConfigurationList;
			buildConfigurations = (
				9E29033B20F7B99C00F11C63 /* Debug */,
				9E29033C20F7B99C00F11C63 /* Release */,
			);
			defaultConfigurationIsVisible = 0;
			defaultConfigurationName = Release;
		};
		9E29033D20F7B99C00F11C63 /* Build configuration list for PBXNativeTarget "ZHERP" */ = {
			isa = XCConfigurationList;
			buildConfigurations = (
				9E29033E20F7B99C00F11C63 /* Debug */,
				9E29033F20F7B99C00F11C63 /* Release */,
			);
			defaultConfigurationIsVisible = 0;
			defaultConfigurationName = Release;
		};
		9E29034020F7B99C00F11C63 /* Build configuration list for PBXNativeTarget "ZHERPTests" */ = {
			isa = XCConfigurationList;
			buildConfigurations = (
				9E29034120F7B99C00F11C63 /* Debug */,
				9E29034220F7B99C00F11C63 /* Release */,
			);
			defaultConfigurationIsVisible = 0;
			defaultConfigurationName = Release;
		};
		9E29034320F7B99C00F11C63 /* Build configuration list for PBXNativeTarget "ZHERPUITests" */ = {
			isa = XCConfigurationList;
			buildConfigurations = (
				9E29034420F7B99C00F11C63 /* Debug */,
				9E29034520F7B99C00F11C63 /* Release */,
			);
			defaultConfigurationIsVisible = 0;
			defaultConfigurationName = Release;
		};
/* End XCConfigurationList section */
	};
	rootObject = 9E29030D20F7B99800F11C63 /* Project object */;
}
